<?xml version="1.0" encoding="utf-8"?>
<Project ToolsVersion="4.0" xmlns="http://schemas.microsoft.com/developer/msbuild/2003">
  <ItemGroup>
    <ClCompile Include="UType.cpp">
      <Filter>Source Files</Filter>
    </ClCompile>
    <ClCompile Include="BWScriptEmulator.cpp">
      <Filter>Source Files</Filter>
    </ClCompile>
    <ClCompile Include="Controller.cpp">
      <Filter>Source Files</Filter>
    </ClCompile>
    <ClCompile Include="ScriptEnum.cpp">
      <Filter>Source Files</Filter>
    </ClCompile>
    <ClCompile Include="ScriptThread.cpp">
      <Filter>Source Files</Filter>
    </ClCompile>
    <ClCompile Include="ScriptOpcodes.cpp">
      <Filter>Source Files</Filter>
    </ClCompile>
    <ClCompile Include="AIControl.cpp">
      <Filter>UnitControl\Source FIles</Filter>
    </ClCompile>
    <ClCompile Include="Worker.cpp">
      <Filter>UnitControl\Source FIles</Filter>
    </ClCompile>
    <ClCompile Include="Military.cpp">
      <Filter>UnitControl\Source FIles</Filter>
    </ClCompile>
    <ClCompile Include="Task.cpp">
      <Filter>UnitControl\Source FIles</Filter>
    </ClCompile>
    <ClCompile Include="OrderEmulate.cpp">
      <Filter>UnitControl\Orders</Filter>
    </ClCompile>
    <ClCompile Include="JunkYardDog.cpp">
      <Filter>UnitControl\Orders</Filter>
    </ClCompile>
    <ClCompile Include="UnitInfo.cpp">
      <Filter>UnitControl\Source FIles</Filter>
    </ClCompile>
    <ClCompile Include="ComputerAI.cpp">
      <Filter>UnitControl\Orders</Filter>
    </ClCompile>
    <ClCompile Include="Guard.cpp">
      <Filter>UnitControl\Orders</Filter>
    </ClCompile>
    <ClCompile Include="Town.cpp">
      <Filter>Source Files</Filter>
    </ClCompile>
    <ClCompile Include="Dll.cpp" />
    <ClCompile Include="Location.cpp">
      <Filter>Source Files</Filter>
    </ClCompile>
    <ClCompile Include="Goto.cpp">
      <Filter>Opcodes\Source Files</Filter>
    </ClCompile>
    <ClCompile Include="Opcode.cpp">
      <Filter>Opcodes\Source Files</Filter>
    </ClCompile>
    <ClCompile Include="Notowns_Jump.cpp">
      <Filter>Opcodes\Source Files</Filter>
    </ClCompile>
    <ClCompile Include="Wait.cpp">
      <Filter>Opcodes\Source Files</Filter>
    </ClCompile>
    <ClCompile Include="Start_Town.cpp">
      <Filter>Opcodes\Source Files</Filter>
    </ClCompile>
    <ClCompile Include="Expand.cpp">
      <Filter>Opcodes\Source Files</Filter>
    </ClCompile>
    <ClCompile Include="Build.cpp">
      <Filter>Opcodes\Source Files</Filter>
    </ClCompile>
    <ClCompile Include="Upgrade.cpp">
      <Filter>Opcodes\Source Files</Filter>
    </ClCompile>
    <ClCompile Include="Tech.cpp">
      <Filter>Opcodes\Source Files</Filter>
    </ClCompile>
    <ClCompile Include="Wait_Build.cpp">
      <Filter>Opcodes\Source Files</Filter>
    </ClCompile>
    <ClCompile Include="Attack_Clear.cpp">
      <Filter>Opcodes\Source Files</Filter>
    </ClCompile>
    <ClCompile Include="Attack_Add.cpp">
      <Filter>Opcodes\Source Files</Filter>
    </ClCompile>
    <ClCompile Include="Attack_Prepare.cpp">
      <Filter>Opcodes\Source Files</Filter>
    </ClCompile>
    <ClCompile Include="Attack_Do.cpp">
      <Filter>Opcodes\Source Files</Filter>
    </ClCompile>
    <ClCompile Include="Capt_Expand.cpp">
      <Filter>Opcodes\Source Files</Filter>
    </ClCompile>
    <ClCompile Include="DefenseBuild.cpp">
      <Filter>Opcodes\Source Files</Filter>
    </ClCompile>
    <ClCompile Include="DefenseUse.cpp">
      <Filter>Opcodes\Source Files</Filter>
    </ClCompile>
    <ClCompile Include="DefenseClear.cpp">
      <Filter>Opcodes\Source Files</Filter>
    </ClCompile>
    <ClCompile Include="Send_Suicide.cpp">
      <Filter>Opcodes\Source Files</Filter>
    </ClCompile>
    <ClCompile Include="Player_Ally.cpp">
      <Filter>Opcodes\Source Files</Filter>
    </ClCompile>
    <ClCompile Include="Default_Min.cpp">
      <Filter>Opcodes\Source Files</Filter>
    </ClCompile>
    <ClCompile Include="Default_Build.cpp">
      <Filter>Opcodes\Source Files</Filter>
    </ClCompile>
    <ClCompile Include="Stop.cpp">
      <Filter>Opcodes\Source Files</Filter>
    </ClCompile>
    <ClCompile Include="Switch_Rescue.cpp">
      <Filter>Opcodes\Source Files</Filter>
    </ClCompile>
    <ClCompile Include="Move_DT.cpp">
      <Filter>Opcodes\Source Files</Filter>
    </ClCompile>
    <ClCompile Include="Debug.cpp">
      <Filter>Opcodes\Source Files</Filter>
    </ClCompile>
    <ClCompile Include="Enter_Transport.cpp">
      <Filter>Opcodes\Source Files</Filter>
    </ClCompile>
    <ClCompile Include="Wait_Bunkers.cpp">
      <Filter>Opcodes\Source Files</Filter>
    </ClCompile>
    <ClCompile Include="Build_Bunkers.cpp">
      <Filter>Opcodes\Source Files</Filter>
    </ClCompile>
    <ClCompile Include="Value_Area.cpp">
      <Filter>Opcodes\Source Files</Filter>
    </ClCompile>
    <ClCompile Include="Check_Transports.cpp">
      <Filter>Opcodes\Source Files</Filter>
    </ClCompile>
    <ClCompile Include="Nuke_Rate.cpp">
      <Filter>Opcodes\Source Files</Filter>
    </ClCompile>
    <ClCompile Include="Max_Force.cpp">
      <Filter>Opcodes\Source Files</Filter>
    </ClCompile>
    <ClCompile Include="Clear_Combatdata.cpp">
      <Filter>Opcodes\Source Files</Filter>
    </ClCompile>
    <ClCompile Include="Random_Jump.cpp">
      <Filter>Opcodes\Source Files</Filter>
    </ClCompile>
    <ClCompile Include="Time_Jump.cpp">
      <Filter>Opcodes\Source Files</Filter>
    </ClCompile>
    <ClCompile Include="Farms_Timing.cpp">
      <Filter>Opcodes\Source Files</Filter>
    </ClCompile>
    <ClCompile Include="Harass_Factor.cpp">
      <Filter>Opcodes\Source Files</Filter>
    </ClCompile>
    <ClCompile Include="Start_Campaign.cpp">
      <Filter>Opcodes\Source Files</Filter>
    </ClCompile>
    <ClCompile Include="Race_Jump.cpp">
      <Filter>Opcodes\Source Files</Filter>
    </ClCompile>
    <ClCompile Include="Region_Size.cpp">
      <Filter>Opcodes\Source Files</Filter>
    </ClCompile>
    <ClCompile Include="Get_OldPeons.cpp">
      <Filter>Opcodes\Source Files</Filter>
    </ClCompile>
    <ClCompile Include="Groundmap_Jump.cpp">
      <Filter>Opcodes\Source Files</Filter>
    </ClCompile>
    <ClCompile Include="Place_Guard.cpp">
      <Filter>Opcodes\Source Files</Filter>
    </ClCompile>
    <ClCompile Include="Call.cpp">
      <Filter>Opcodes\Source Files</Filter>
    </ClCompile>
    <ClCompile Include="ComputerReturn.cpp">
      <Filter>UnitControl\Orders</Filter>
    </ClCompile>
    <ClCompile Include="Return.cpp">
      <Filter>Opcodes\Source Files</Filter>
    </ClCompile>
    <ClCompile Include="Guard_Resources.cpp">
      <Filter>Opcodes\Source Files</Filter>
    </ClCompile>
    <ClCompile Include="Eval_Harass.cpp">
      <Filter>Opcodes\Source Files</Filter>
    </ClCompile>
    <ClCompile Include="Creep.cpp">
      <Filter>Opcodes\Source Files</Filter>
    </ClCompile>
    <ClCompile Include="Panic.cpp">
      <Filter>Opcodes\Source Files</Filter>
    </ClCompile>
    <ClCompile Include="Player_Need.cpp">
      <Filter>Opcodes\Source Files</Filter>
    </ClCompile>
    <ClCompile Include="Wait_Upgrades.cpp">
      <Filter>Opcodes\Source Files</Filter>
    </ClCompile>
    <ClCompile Include="Multirun.cpp">
      <Filter>Opcodes\Source Files</Filter>
    </ClCompile>
    <ClCompile Include="Rush.cpp">
      <Filter>Opcodes\Source Files</Filter>
    </ClCompile>
    <ClCompile Include="Scout_With.cpp">
      <Filter>Opcodes\Source Files</Filter>
    </ClCompile>
    <ClCompile Include="Define_Max.cpp">
      <Filter>Opcodes\Source Files</Filter>
    </ClCompile>
    <ClCompile Include="Train.cpp">
      <Filter>Opcodes\Source Files</Filter>
    </ClCompile>
    <ClCompile Include="Target_Expansion.cpp">
      <Filter>Opcodes\Source Files</Filter>
    </ClCompile>
    <ClCompile Include="Wait_Train.cpp">
      <Filter>Opcodes\Source Files</Filter>
    </ClCompile>
    <ClCompile Include="Set_Attacks.cpp">
      <Filter>Opcodes\Source Files</Filter>
    </ClCompile>
    <ClCompile Include="Set_Gencmd.cpp">
      <Filter>Opcodes\Source Files</Filter>
    </ClCompile>
    <ClCompile Include="Give_Money.cpp">
      <Filter>Opcodes\Source Files</Filter>
    </ClCompile>
    <ClCompile Include="Prep_Down.cpp">
      <Filter>Opcodes\Source Files</Filter>
    </ClCompile>
    <ClCompile Include="Resources_Jump.cpp">
      <Filter>Opcodes\Source Files</Filter>
    </ClCompile>
    <ClCompile Include="Sharedvision.cpp">
      <Filter>Opcodes\Source Files</Filter>
    </ClCompile>
    <ClCompile Include="If_Dif.cpp">
      <Filter>Opcodes\Source Files</Filter>
    </ClCompile>
    <ClCompile Include="Use_Ability.cpp">
      <Filter>Opcodes\Source Files</Filter>
    </ClCompile>
    <ClCompile Include="Order_Region.cpp">
      <Filter>Opcodes\Source Files</Filter>
    </ClCompile>
    <ClCompile Include="Harass_Location.cpp">
      <Filter>Opcodes\Source Files</Filter>
    </ClCompile>
    <ClCompile Include="Implode.cpp">
      <Filter>Opcodes\Source Files</Filter>
    </ClCompile>
    <ClCompile Include="Guard_All.cpp">
      <Filter>Opcodes\Source Files</Filter>
    </ClCompile>
    <ClCompile Include="If_Owned.cpp">
      <Filter>Opcodes\Source Files</Filter>
    </ClCompile>
    <ClCompile Include="Kill_Thread.cpp">
      <Filter>Opcodes\Source Files</Filter>
    </ClCompile>
    <ClCompile Include="Killable.cpp">
      <Filter>Opcodes\Source Files</Filter>
    </ClCompile>
    <ClCompile Include="Wait_FinishAttack.cpp">
      <Filter>Opcodes\Source Files</Filter>
    </ClCompile>
    <ClCompile Include="Fake_Nuke.cpp">
      <Filter>Opcodes\Source Files</Filter>
    </ClCompile>
    <ClCompile Include="Set_RandomSeed.cpp">
      <Filter>Opcodes\Source Files</Filter>
    </ClCompile>
    <ClCompile Include="Create_Unit.cpp">
      <Filter>Opcodes\Source Files</Filter>
    </ClCompile>
    <ClCompile Include="Nuke_Pos.cpp">
      <Filter>Opcodes\Source Files</Filter>
    </ClCompile>
    <ClCompile Include="Help_IfTrouble.cpp">
      <Filter>Opcodes\Source Files</Filter>
    </ClCompile>
    <ClCompile Include="Allies_Watch.cpp">
      <Filter>Opcodes\Source Files</Filter>
    </ClCompile>
    <ClCompile Include="Try_Townpoint.cpp">
      <Filter>Opcodes\Source Files</Filter>
    </ClCompile>
  </ItemGroup>
  <ItemGroup>
    <ClInclude Include="BWScriptEmulator.h">
      <Filter>Header Files</Filter>
    </ClInclude>
    <ClInclude Include="Controller.h">
      <Filter>Header Files</Filter>
    </ClInclude>
    <ClInclude Include="ScriptEnum.h">
      <Filter>Header Files</Filter>
    </ClInclude>
    <ClInclude Include="ScriptThread.h">
      <Filter>Header Files</Filter>
    </ClInclude>
    <ClInclude Include="UType.h">
      <Filter>Header Files</Filter>
    </ClInclude>
    <ClInclude Include="UnitInfo.h">
      <Filter>UnitControl\Header Files</Filter>
    </ClInclude>
    <ClInclude Include="OrderEmulate.h">
      <Filter>UnitControl\Header Files</Filter>
    </ClInclude>
    <ClInclude Include="Town.h">
      <Filter>Header Files</Filter>
    </ClInclude>
    <ClInclude Include="Location.h">
      <Filter>Header Files</Filter>
    </ClInclude>
    <ClInclude Include="Goto.h">
      <Filter>Opcodes\Header FIles</Filter>
    </ClInclude>
    <ClInclude Include="Opcode.h">
      <Filter>Opcodes\Header FIles</Filter>
    </ClInclude>
    <ClInclude Include="Notowns_Jump.h">
      <Filter>Opcodes\Header FIles</Filter>
    </ClInclude>
    <ClInclude Include="Wait.h">
      <Filter>Opcodes\Header FIles</Filter>
    </ClInclude>
    <ClInclude Include="Start_Town.h">
      <Filter>Opcodes\Header FIles</Filter>
    </ClInclude>
    <ClInclude Include="Expand.h">
      <Filter>Opcodes\Header FIles</Filter>
    </ClInclude>
    <ClInclude Include="Build.h">
      <Filter>Opcodes\Header FIles</Filter>
    </ClInclude>
    <ClInclude Include="Upgrade.h">
      <Filter>Opcodes\Header FIles</Filter>
    </ClInclude>
    <ClInclude Include="Tech.h">
      <Filter>Opcodes\Header FIles</Filter>
    </ClInclude>
    <ClInclude Include="Wait_Build.h">
      <Filter>Opcodes\Header FIles</Filter>
    </ClInclude>
    <ClInclude Include="Attack_Clear.h">
      <Filter>Opcodes\Header FIles</Filter>
    </ClInclude>
    <ClInclude Include="Attack_Add.h">
      <Filter>Opcodes\Header FIles</Filter>
    </ClInclude>
    <ClInclude Include="Attack_Prepare.h">
      <Filter>Opcodes\Header FIles</Filter>
    </ClInclude>
    <ClInclude Include="Attack_Do.h">
      <Filter>Opcodes\Header FIles</Filter>
    </ClInclude>
    <ClInclude Include="Capt_Expand.h">
      <Filter>Opcodes\Header FIles</Filter>
    </ClInclude>
    <ClInclude Include="DefenseBuild.h">
      <Filter>Opcodes\Header FIles</Filter>
    </ClInclude>
    <ClInclude Include="DefenseUse.h">
      <Filter>Opcodes\Header FIles</Filter>
    </ClInclude>
    <ClInclude Include="DefenseClear.h">
      <Filter>Opcodes\Header FIles</Filter>
    </ClInclude>
    <ClInclude Include="Send_Suicide.h">
      <Filter>Opcodes\Header FIles</Filter>
    </ClInclude>
    <ClInclude Include="Player_Ally.h">
      <Filter>Opcodes\Header FIles</Filter>
    </ClInclude>
    <ClInclude Include="Default_Min.h">
      <Filter>Opcodes\Header FIles</Filter>
    </ClInclude>
    <ClInclude Include="Default_Build.h">
      <Filter>Opcodes\Header FIles</Filter>
    </ClInclude>
    <ClInclude Include="Stop.h">
      <Filter>Opcodes\Header FIles</Filter>
    </ClInclude>
    <ClInclude Include="Switch_Rescue.h">
      <Filter>Opcodes\Header FIles</Filter>
    </ClInclude>
    <ClInclude Include="Move_DT.h">
      <Filter>Opcodes\Header FIles</Filter>
    </ClInclude>
    <ClInclude Include="Debug.h">
      <Filter>Opcodes\Header FIles</Filter>
    </ClInclude>
    <ClInclude Include="Enter_Transport.h">
      <Filter>Opcodes\Header FIles</Filter>
    </ClInclude>
    <ClInclude Include="Wait_Bunkers.h">
      <Filter>Opcodes\Header FIles</Filter>
    </ClInclude>
    <ClInclude Include="Build_Bunkers.h">
      <Filter>Opcodes\Header FIles</Filter>
    </ClInclude>
    <ClInclude Include="Value_Area.h">
      <Filter>Opcodes\Header FIles</Filter>
    </ClInclude>
    <ClInclude Include="Check_Transports.h">
      <Filter>Opcodes\Header FIles</Filter>
    </ClInclude>
    <ClInclude Include="Nuke_Rate.h">
      <Filter>Opcodes\Header FIles</Filter>
    </ClInclude>
    <ClInclude Include="Max_Force.h">
      <Filter>Opcodes\Header FIles</Filter>
    </ClInclude>
    <ClInclude Include="Clear_Combatdata.h">
      <Filter>Opcodes\Header FIles</Filter>
    </ClInclude>
    <ClInclude Include="Random_Jump.h">
      <Filter>Opcodes\Header FIles</Filter>
    </ClInclude>
    <ClInclude Include="Time_Jump.h">
      <Filter>Opcodes\Header FIles</Filter>
    </ClInclude>
    <ClInclude Include="Farms_Timing.h">
      <Filter>Opcodes\Header FIles</Filter>
    </ClInclude>
    <ClInclude Include="Harass_Factor.h">
      <Filter>Opcodes\Header FIles</Filter>
    </ClInclude>
    <ClInclude Include="Start_Campaign.h">
      <Filter>Opcodes\Header FIles</Filter>
    </ClInclude>
    <ClInclude Include="Race_Jump.h">
      <Filter>Opcodes\Header FIles</Filter>
    </ClInclude>
    <ClInclude Include="Region_Size.h">
      <Filter>Opcodes\Header FIles</Filter>
    </ClInclude>
    <ClInclude Include="Get_OldPeons.h">
      <Filter>Opcodes\Header FIles</Filter>
    </ClInclude>
    <ClInclude Include="Groundmap_Jump.h">
      <Filter>Opcodes\Header FIles</Filter>
    </ClInclude>
    <ClInclude Include="Place_Guard.h">
      <Filter>Opcodes\Header FIles</Filter>
    </ClInclude>
    <ClInclude Include="Call.h">
      <Filter>Opcodes\Header FIles</Filter>
    </ClInclude>
    <ClInclude Include="Return.h">
      <Filter>Opcodes\Header FIles</Filter>
    </ClInclude>
    <ClInclude Include="Guard_Resources.h">
      <Filter>Opcodes\Header FIles</Filter>
    </ClInclude>
    <ClInclude Include="Eval_Harass.h">
      <Filter>Opcodes\Header FIles</Filter>
    </ClInclude>
    <ClInclude Include="Creep.h">
      <Filter>Opcodes\Header FIles</Filter>
    </ClInclude>
    <ClInclude Include="Panic.h">
      <Filter>Opcodes\Header FIles</Filter>
    </ClInclude>
    <ClInclude Include="Player_Need.h">
      <Filter>Opcodes\Header FIles</Filter>
    </ClInclude>
    <ClInclude Include="Wait_Upgrades.h">
      <Filter>Opcodes\Header FIles</Filter>
    </ClInclude>
    <ClInclude Include="Multirun.h">
      <Filter>Opcodes\Header FIles</Filter>
    </ClInclude>
    <ClInclude Include="Rush.h">
      <Filter>Opcodes\Header FIles</Filter>
    </ClInclude>
    <ClInclude Include="Scout_With.h">
      <Filter>Opcodes\Header FIles</Filter>
    </ClInclude>
    <ClInclude Include="Define_Max.h">
      <Filter>Opcodes\Header FIles</Filter>
    </ClInclude>
    <ClInclude Include="Train.h">
      <Filter>Opcodes\Header FIles</Filter>
    </ClInclude>
    <ClInclude Include="Target_Expansion.h">
      <Filter>Opcodes\Header FIles</Filter>
    </ClInclude>
    <ClInclude Include="Wait_Train.h">
      <Filter>Opcodes\Header FIles</Filter>
    </ClInclude>
    <ClInclude Include="Set_Attacks.h">
      <Filter>Opcodes\Header FIles</Filter>
    </ClInclude>
    <ClInclude Include="Set_Gencmd.h">
      <Filter>Opcodes\Header FIles</Filter>
    </ClInclude>
    <ClInclude Include="Give_Money.h">
      <Filter>Opcodes\Header FIles</Filter>
    </ClInclude>
    <ClInclude Include="Prep_Down.h">
      <Filter>Opcodes\Header FIles</Filter>
    </ClInclude>
    <ClInclude Include="Resources_Jump.h">
      <Filter>Opcodes\Header FIles</Filter>
    </ClInclude>
    <ClInclude Include="Sharedvision.h">
      <Filter>Opcodes\Header FIles</Filter>
    </ClInclude>
    <ClInclude Include="If_Dif.h">
      <Filter>Opcodes\Header FIles</Filter>
    </ClInclude>
    <ClInclude Include="Use_Ability.h">
      <Filter>Opcodes\Header FIles</Filter>
    </ClInclude>
    <ClInclude Include="Order_Region.h">
      <Filter>Opcodes\Header FIles</Filter>
    </ClInclude>
    <ClInclude Include="Harass_Location.h">
      <Filter>Opcodes\Header FIles</Filter>
    </ClInclude>
    <ClInclude Include="Implode.h">
      <Filter>Opcodes\Header FIles</Filter>
    </ClInclude>
    <ClInclude Include="Guard_All.h">
      <Filter>Opcodes\Header FIles</Filter>
    </ClInclude>
    <ClInclude Include="If_Owned.h">
      <Filter>Opcodes\Header FIles</Filter>
    </ClInclude>
    <ClInclude Include="Kill_Thread.h">
      <Filter>Opcodes\Header FIles</Filter>
    </ClInclude>
    <ClInclude Include="Killable.h">
      <Filter>Opcodes\Header FIles</Filter>
    </ClInclude>
    <ClInclude Include="Wait_FinishAttack.h">
      <Filter>Opcodes\Header FIles</Filter>
    </ClInclude>
    <ClInclude Include="Fake_Nuke.h">
      <Filter>Opcodes\Header FIles</Filter>
    </ClInclude>
    <ClInclude Include="Set_RandomSeed.h">
      <Filter>Opcodes\Header FIles</Filter>
    </ClInclude>
    <ClInclude Include="Create_Unit.h">
      <Filter>Opcodes\Header FIles</Filter>
    </ClInclude>
    <ClInclude Include="Nuke_Pos.h">
      <Filter>Opcodes\Header FIles</Filter>
    </ClInclude>
    <ClInclude Include="Help_IfTrouble.h">
      <Filter>Opcodes\Header FIles</Filter>
    </ClInclude>
    <ClInclude Include="Allies_Watch.h">
      <Filter>Opcodes\Header FIles</Filter>
    </ClInclude>
    <ClInclude Include="Try_Townpoint.h">
      <Filter>Opcodes\Header FIles</Filter>
    </ClInclude>
  </ItemGroup>
  <ItemGroup>
    <Filter Include="Header Files">
      <UniqueIdentifier>{3c61d476-5e51-434e-b997-49cad98b4d90}</UniqueIdentifier>
    </Filter>
    <Filter Include="Source Files">
      <UniqueIdentifier>{72a39b06-4f80-48b4-8e4b-50ce1cdbe1ad}</UniqueIdentifier>
    </Filter>
    <Filter Include="UnitControl">
      <UniqueIdentifier>{a234c8a6-eb90-4c6b-9a05-34f15ec8f799}</UniqueIdentifier>
    </Filter>
    <Filter Include="UnitControl\Header Files">
      <UniqueIdentifier>{ebca4cbe-bbb1-400b-8aff-0bcafdc64fcc}</UniqueIdentifier>
    </Filter>
    <Filter Include="UnitControl\Source FIles">
      <UniqueIdentifier>{0e09fa17-96d1-4c4c-a7a4-f702ad32ca90}</UniqueIdentifier>
    </Filter>
    <Filter Include="UnitControl\Orders">
      <UniqueIdentifier>{5004f7e5-c3f7-4def-b5b0-1ea037746349}</UniqueIdentifier>
    </Filter>
    <Filter Include="Opcodes">
      <UniqueIdentifier>{bf9c3679-0bff-4244-b134-82cdf63a23a1}</UniqueIdentifier>
    </Filter>
    <Filter Include="Opcodes\Header FIles">
      <UniqueIdentifier>{3008bd9f-fecf-494f-bb60-f8e97c18ff96}</UniqueIdentifier>
    </Filter>
    <Filter Include="Opcodes\Source Files">
      <UniqueIdentifier>{f512205a-625a-41ef-ab45-6951b825ce3a}</UniqueIdentifier>
    </Filter>
  </ItemGroup>
</Project>