<?xml version="1.0" encoding="utf-8"?>
<Project ToolsVersion="4.0" xmlns="http://schemas.microsoft.com/developer/msbuild/2003">
  <ItemGroup>
    <ClCompile Include="Source\Util\Exceptions.cpp">
      <Filter>Source Files</Filter>
    </ClCompile>
    <ClCompile Include="Source\Util\MemoryFrame.cpp">
      <Filter>Source Files</Filter>
    </ClCompile>
    <ClCompile Include="Source\Util\Mutex.cpp">
      <Filter>Source Files</Filter>
    </ClCompile>
    <ClCompile Include="Source\Util\RemoteProcess.cpp">
      <Filter>Source Files</Filter>
    </ClCompile>
    <ClCompile Include="Source\Util\sha1.cpp">
      <Filter>Source Files</Filter>
    </ClCompile>
    <ClCompile Include="Source\Util\SharedMemory.cpp">
      <Filter>Source Files</Filter>
    </ClCompile>
  </ItemGroup>
  <ItemGroup>
    <ClInclude Include="Source\Util\Exceptions.h">
      <Filter>Header Files</Filter>
    </ClInclude>
    <ClInclude Include="Source\Util\MemoryFrame.h">
      <Filter>Header Files</Filter>
    </ClInclude>
    <ClInclude Include="Source\Util\Mutex.h">
      <Filter>Header Files</Filter>
    </ClInclude>
    <ClInclude Include="Source\Util\RemoteProcess.h">
      <Filter>Header Files</Filter>
    </ClInclude>
    <ClInclude Include="Source\Util\RemoteProcessID.h">
      <Filter>Header Files</Filter>
    </ClInclude>
    <ClInclude Include="Source\Util\sha1.h">
      <Filter>Header Files</Filter>
    </ClInclude>
    <ClInclude Include="Source\Util\SharedMemory.h">
      <Filter>Header Files</Filter>
    </ClInclude>
    <ClInclude Include="Source\Util\SharedStructure.h">
      <Filter>Header Files</Filter>
    </ClInclude>
    <ClInclude Include="Source\Util\Types.h">
      <Filter>Header Files</Filter>
    </ClInclude>
    <ClInclude Include="Source\Util\clamp.h">
      <Filter>Header Files</Filter>
    </ClInclude>
    <ClInclude Include="Source\Util\Convenience.h">
      <Filter>Header Files</Filter>
    </ClInclude>
  </ItemGroup>
  <ItemGroup>
    <Filter Include="Header Files">
      <UniqueIdentifier>{36739171-9516-4825-a924-1fbe3e39e13c}</UniqueIdentifier>
    </Filter>
    <Filter Include="Source Files">
      <UniqueIdentifier>{910802fb-1274-4870-a12a-a8420a8b20fc}</UniqueIdentifier>
    </Filter>
  </ItemGroup>
</Project>