Microsoft Visual Studio Solution File, Format Version 9.00
# Visual Studio 2005
Project("{8BC9CEB8-8B4A-11D0-8D11-00A0C91BC942}") = "CreateRemoteThreat", "CreateRemoteThread\CreateRemoteThread.vcproj", "{71B64AEE-207D-40F9-9251-1986C079319B}"
EndProject
Project("{8BC9CEB8-8B4A-11D0-8D11-00A0C91BC942}") = "BW", "BW\BW.vcproj", "{001204EC-33B7-427D-AF9B-68F222C97349}"
	ProjectSection(ProjectDependencies) = postProject
		{71B64AEE-207D-40F9-9251-1986C079319B} = {71B64AEE-207D-40F9-9251-1986C079319B}
	EndProjectSection
EndProject
Global
	GlobalSection(SolutionConfigurationPlatforms) = preSolution
		Debug|Win32 = Debug|Win32
		Release|Win32 = Release|Win32
	EndGlobalSection
	GlobalSection(ProjectConfigurationPlatforms) = postSolution
		{71B64AEE-207D-40F9-9251-1986C079319B}.Debug|Win32.ActiveCfg = Debug|Win32
		{71B64AEE-207D-40F9-9251-1986C079319B}.Debug|Win32.Build.0 = Debug|Win32
		{71B64AEE-207D-40F9-9251-1986C079319B}.Release|Win32.ActiveCfg = Release|Win32
		{71B64AEE-207D-40F9-9251-1986C079319B}.Release|Win32.Build.0 = Release|Win32
		{001204EC-33B7-427D-AF9B-68F222C97349}.Debug|Win32.ActiveCfg = Debug|Win32
		{001204EC-33B7-427D-AF9B-68F222C97349}.Debug|Win32.Build.0 = Debug|Win32
		{001204EC-33B7-427D-AF9B-68F222C97349}.Release|Win32.ActiveCfg = Release|Win32
		{001204EC-33B7-427D-AF9B-68F222C97349}.Release|Win32.Build.0 = Release|Win32
	EndGlobalSection
	GlobalSection(SolutionProperties) = preSolution
		HideSolutionNode = FALSE
	EndGlobalSection
EndGlobal
