Microsoft Visual Studio Solution File, Format Version 10.00
# Visual Studio 2008
Project("{8BC9CEB8-8B4A-11D0-8D11-00A0C91BC942}") = "BWAPI", "BWAPI\BWAPI.vcproj", "{001204EC-33B7-427D-AF9B-68F222C97349}"
	ProjectSection(ProjectDependencies) = postProject
		{C252CA4E-FFA0-404C-B5B4-614CF330C084} = {C252CA4E-FFA0-404C-B5B4-614CF330C084}
	EndProjectSection
EndProject
Project("{8BC9CEB8-8B4A-11D0-8D11-00A0C91BC942}") = "BWAPI_ChaosLauncherInjector", "BWAPI_ChaosLauncherInjector\BWAPI_ChaosLauncherInjector.vcproj", "{E872FA31-C3AC-4331-AD60-315768E44ACA}"
EndProject
Project("{8BC9CEB8-8B4A-11D0-8D11-00A0C91BC942}") = "Util", "Util\Util.vcproj", "{C252CA4E-FFA0-404C-B5B4-614CF330C084}"
EndProject
Project("{8BC9CEB8-8B4A-11D0-8D11-00A0C91BC942}") = "BWAPI_MPQDraftPlugin", "BWAPI_MPQDraftPlugin\BWAPI_MPQDraftPlugin.vcproj", "{ADF97657-6539-47DB-A09C-1E2BCB394516}"
EndProject
Project("{8BC9CEB8-8B4A-11D0-8D11-00A0C91BC942}") = "Interface Packer", "Interface Packer\Interface Packer.vcproj", "{C99586CD-1E91-4359-ABEB-A1AA1D111DEF}"
EndProject
Project("{8BC9CEB8-8B4A-11D0-8D11-00A0C91BC942}") = "BWAgent", "BWAgent\BWAgent.vcproj", "{65AE3EC2-0FFC-46A4-8B84-BB144D29B04A}"
EndProject
Project("{8BC9CEB8-8B4A-11D0-8D11-00A0C91BC942}") = "ConsoleAIModule", "ConsoleAIModule\ConsoleAIModule.vcproj", "{05887930-FFDD-40FB-AC1F-147690138D52}"
EndProject
Global
	GlobalSection(SolutionConfigurationPlatforms) = preSolution
		Debug|Win32 = Debug|Win32
		Release|Win32 = Release|Win32
	EndGlobalSection
	GlobalSection(ProjectConfigurationPlatforms) = postSolution
		{001204EC-33B7-427D-AF9B-68F222C97349}.Debug|Win32.ActiveCfg = Debug|Win32
		{001204EC-33B7-427D-AF9B-68F222C97349}.Debug|Win32.Build.0 = Debug|Win32
		{001204EC-33B7-427D-AF9B-68F222C97349}.Release|Win32.ActiveCfg = Release|Win32
		{001204EC-33B7-427D-AF9B-68F222C97349}.Release|Win32.Build.0 = Release|Win32
		{E872FA31-C3AC-4331-AD60-315768E44ACA}.Debug|Win32.ActiveCfg = Release|Win32
		{E872FA31-C3AC-4331-AD60-315768E44ACA}.Debug|Win32.Build.0 = Release|Win32
		{E872FA31-C3AC-4331-AD60-315768E44ACA}.Release|Win32.ActiveCfg = Release|Win32
		{E872FA31-C3AC-4331-AD60-315768E44ACA}.Release|Win32.Build.0 = Release|Win32
		{C252CA4E-FFA0-404C-B5B4-614CF330C084}.Debug|Win32.ActiveCfg = Release|Win32
		{C252CA4E-FFA0-404C-B5B4-614CF330C084}.Debug|Win32.Build.0 = Release|Win32
		{C252CA4E-FFA0-404C-B5B4-614CF330C084}.Release|Win32.ActiveCfg = Release|Win32
		{C252CA4E-FFA0-404C-B5B4-614CF330C084}.Release|Win32.Build.0 = Release|Win32
		{ADF97657-6539-47DB-A09C-1E2BCB394516}.Debug|Win32.ActiveCfg = Release|Win32
		{ADF97657-6539-47DB-A09C-1E2BCB394516}.Debug|Win32.Build.0 = Release|Win32
		{ADF97657-6539-47DB-A09C-1E2BCB394516}.Release|Win32.ActiveCfg = Release|Win32
		{ADF97657-6539-47DB-A09C-1E2BCB394516}.Release|Win32.Build.0 = Release|Win32
		{C99586CD-1E91-4359-ABEB-A1AA1D111DEF}.Debug|Win32.ActiveCfg = Debug|Win32
		{C99586CD-1E91-4359-ABEB-A1AA1D111DEF}.Debug|Win32.Build.0 = Debug|Win32
		{C99586CD-1E91-4359-ABEB-A1AA1D111DEF}.Release|Win32.ActiveCfg = Debug|Win32
		{C99586CD-1E91-4359-ABEB-A1AA1D111DEF}.Release|Win32.Build.0 = Debug|Win32
		{65AE3EC2-0FFC-46A4-8B84-BB144D29B04A}.Debug|Win32.ActiveCfg = Debug|Win32
		{65AE3EC2-0FFC-46A4-8B84-BB144D29B04A}.Debug|Win32.Build.0 = Debug|Win32
		{65AE3EC2-0FFC-46A4-8B84-BB144D29B04A}.Release|Win32.ActiveCfg = Release|Win32
		{65AE3EC2-0FFC-46A4-8B84-BB144D29B04A}.Release|Win32.Build.0 = Release|Win32
		{05887930-FFDD-40FB-AC1F-147690138D52}.Debug|Win32.ActiveCfg = Debug|Win32
		{05887930-FFDD-40FB-AC1F-147690138D52}.Debug|Win32.Build.0 = Debug|Win32
		{05887930-FFDD-40FB-AC1F-147690138D52}.Release|Win32.ActiveCfg = Release|Win32
		{05887930-FFDD-40FB-AC1F-147690138D52}.Release|Win32.Build.0 = Release|Win32
	EndGlobalSection
	GlobalSection(SolutionProperties) = preSolution
		HideSolutionNode = FALSE
	EndGlobalSection
EndGlobal
