Microsoft Visual Studio Solution File, Format Version 12.00
# Visual Studio 15
VisualStudioVersion = 15.0.27130.2026
MinimumVisualStudioVersion = 10.0.40219.1
Project("{2150E333-8FDC-42A3-9474-1A3956D46DE8}") = "Backend", "Backend", "{0716BAB7-D569-4083-B7C9-1BE060FCB3E1}"
EndProject
Project("{2150E333-8FDC-42A3-9474-1A3956D46DE8}") = "1.16.1", "1.16.1", "{3B459416-71D3-43F0-88E1-46ABB6DB6704}"
EndProject
Project("{2150E333-8FDC-42A3-9474-1A3956D46DE8}") = "Frontend", "Frontend", "{0510989A-57DD-4502-AC6E-25C3253FA5B4}"
EndProject
Project("{2150E333-8FDC-42A3-9474-1A3956D46DE8}") = "Packaging", "Packaging", "{DAA4B532-13CF-4B0B-9D4D-D479BE1FB3DD}"
EndProject
Project("{2150E333-8FDC-42A3-9474-1A3956D46DE8}") = "Clients", "Clients", "{172D1487-ABC5-4DC4-9A15-564019DAE4C8}"
EndProject
Project("{8BC9CEB8-8B4A-11D0-8D11-00A0C91BC942}") = "BWAPI_PluginInjector", "Backend\1.16.1\BWAPI_PluginInjector\BWAPI_PluginInjector.vcxproj", "{E872FA31-C3AC-4331-AD60-315768E44ACA}"
	ProjectSection(ProjectDependencies) = postProject
		{3CC5BA45-00B1-4B7C-BF07-341C90343F39} = {3CC5BA45-00B1-4B7C-BF07-341C90343F39}
	EndProjectSection
EndProject
Project("{8BC9CEB8-8B4A-11D0-8D11-00A0C91BC942}") = "BWAPI", "Backend\1.16.1\BWAPIBackend_1161\BWAPI.vcxproj", "{001204EC-33B7-427D-AF9B-68F222C97349}"
	ProjectSection(ProjectDependencies) = postProject
		{3CC5BA45-00B1-4B7C-BF07-341C90343F39} = {3CC5BA45-00B1-4B7C-BF07-341C90343F39}
	EndProjectSection
EndProject
Project("{8BC9CEB8-8B4A-11D0-8D11-00A0C91BC942}") = "SNP_DirectIP", "Backend\1.16.1\SNP_DirectIP\SNP_DirectIP.vcxproj", "{452BDDC2-D77B-45C3-991E-7D93DE3638B0}"
EndProject
Project("{8BC9CEB8-8B4A-11D0-8D11-00A0C91BC942}") = "Storm", "Backend\1.16.1\Storm\Storm.vcxproj", "{08C0C784-F586-4CAA-8951-8ADF1586C0E9}"
EndProject
Project("{8BC9CEB8-8B4A-11D0-8D11-00A0C91BC942}") = "BWAPICore", "Frontend\BWAPICore\BWAPICore.vcxproj", "{B6097062-8179-4F1F-9185-381FC4980C47}"
EndProject
Project("{8BC9CEB8-8B4A-11D0-8D11-00A0C91BC942}") = "BWAPICoreTest", "Frontend\BWAPICoreTest\BWAPICoreTest.vcxproj", "{22DF92EF-890D-42B7-A51B-39DD64B320F1}"
EndProject
Project("{8BC9CEB8-8B4A-11D0-8D11-00A0C91BC942}") = "BWAPILIB", "Frontend\BWAPILIB\BWAPILIB.vcxproj", "{843656FD-9BFD-47BF-8460-7BFE9710EA2C}"
EndProject
Project("{8BC9CEB8-8B4A-11D0-8D11-00A0C91BC942}") = "Documentation", "Packaging\Documentation\Documentation.vcxproj", "{2BED9E24-4DAE-43A1-8D7F-A4EC05E53DAE}"
EndProject
Project("{8BC9CEB8-8B4A-11D0-8D11-00A0C91BC942}") = "DocumentationGen", "Packaging\DocumentationGen\DocumentationGen.vcxproj", "{19E2598F-2EBA-4C11-ABE9-AC762CE449C9}"
EndProject
Project("{8BC9CEB8-8B4A-11D0-8D11-00A0C91BC942}") = "InstallerArchive", "Packaging\InstallerArchive\InstallerArchive.vcxproj", "{7C035A16-F016-4F21-88EB-8DD3B9539219}"
EndProject
Project("{8BC9CEB8-8B4A-11D0-8D11-00A0C91BC942}") = "DevAIClient", "Clients\DevAIModule\DevAIModule.vcxproj", "{EB603D63-BA16-4BB4-AC5F-9901FF9B1761}"
EndProject
Project("{8BC9CEB8-8B4A-11D0-8D11-00A0C91BC942}") = "ExampleAIClient", "Clients\ExampleAIModule\ExampleAIModule.vcxproj", "{2E63AE74-758A-4607-9DE4-D28E814A6E13}"
EndProject
Project("{8BC9CEB8-8B4A-11D0-8D11-00A0C91BC942}") = "ExampleTournamentModule", "Clients\ExampleTournamentModule\ExampleTournamentModule.vcxproj", "{8D2682F5-7022-40E6-95E3-7257D43639F1}"
EndProject
Project("{8BC9CEB8-8B4A-11D0-8D11-00A0C91BC942}") = "TestAIModule", "Clients\TestAIModule\TestAIModule.vcxproj", "{982561B2-A7D0-44E9-BD3D-0FD117E3F882}"
EndProject
Project("{8BC9CEB8-8B4A-11D0-8D11-00A0C91BC942}") = "SVNRevGen", "SVNRevGen\SVNRevGen.vcxproj", "{3CC5BA45-00B1-4B7C-BF07-341C90343F39}"
EndProject
Project("{8BC9CEB8-8B4A-11D0-8D11-00A0C91BC942}") = "BWAPIBackendCore", "Backend\BWAPIBackendCore\BWAPIBackendCore.vcxproj", "{FA39DBC2-7EA3-4A6B-B125-B1F50A5DA824}"
EndProject
Project("{8BC9CEB8-8B4A-11D0-8D11-00A0C91BC942}") = "Messages", "Backend\Messages\Messages.vcxproj", "{D85BFAE4-CE79-4F4D-A032-FFA45B559E29}"
EndProject
Project("{8BC9CEB8-8B4A-11D0-8D11-00A0C91BC942}") = "BWAPIFrontendClient", "Frontend\BWAPIFrontendClient\BWAPIFrontendClient.vcxproj", "{760E9359-EC46-48F7-AE1D-E238B17C4797}"
EndProject
Project("{8BC9CEB8-8B4A-11D0-8D11-00A0C91BC942}") = "libprotobuf-lite", "Backend\libprotobuf-lite\libprotobuf-lite.vcxproj", "{FB5DA788-0A09-3724-85D8-F80903AD1474}"
EndProject
Project("{8BC9CEB8-8B4A-11D0-8D11-00A0C91BC942}") = "BWAPILIBUnitTest", "Frontend\BWAPILIBUnitTest\BWAPILIBUnitTest.vcxproj", "{8A15E6B3-E2D0-4CEC-9BA9-B6C6FFC1CA91}"
EndProject
Global
	GlobalSection(SolutionConfigurationPlatforms) = preSolution
		Debug|Win32 = Debug|Win32
		Debug|x64 = Debug|x64
		Installer_Target|Win32 = Installer_Target|Win32
		Installer_Target|x64 = Installer_Target|x64
		Release|Win32 = Release|Win32
		Release|x64 = Release|x64
	EndGlobalSection
	GlobalSection(ProjectConfigurationPlatforms) = postSolution
		{E872FA31-C3AC-4331-AD60-315768E44ACA}.Debug|Win32.ActiveCfg = Debug|Win32
		{E872FA31-C3AC-4331-AD60-315768E44ACA}.Debug|Win32.Build.0 = Debug|Win32
		{E872FA31-C3AC-4331-AD60-315768E44ACA}.Debug|x64.ActiveCfg = Debug|Win32
		{E872FA31-C3AC-4331-AD60-315768E44ACA}.Installer_Target|Win32.ActiveCfg = Release|Win32
		{E872FA31-C3AC-4331-AD60-315768E44ACA}.Installer_Target|x64.ActiveCfg = Release|Win32
		{E872FA31-C3AC-4331-AD60-315768E44ACA}.Installer_Target|x64.Build.0 = Release|Win32
		{E872FA31-C3AC-4331-AD60-315768E44ACA}.Release|Win32.ActiveCfg = Release|Win32
		{E872FA31-C3AC-4331-AD60-315768E44ACA}.Release|Win32.Build.0 = Release|Win32
		{E872FA31-C3AC-4331-AD60-315768E44ACA}.Release|x64.ActiveCfg = Release|Win32
		{001204EC-33B7-427D-AF9B-68F222C97349}.Debug|Win32.ActiveCfg = Debug|Win32
		{001204EC-33B7-427D-AF9B-68F222C97349}.Debug|Win32.Build.0 = Debug|Win32
		{001204EC-33B7-427D-AF9B-68F222C97349}.Debug|x64.ActiveCfg = Debug|Win32
		{001204EC-33B7-427D-AF9B-68F222C97349}.Installer_Target|Win32.ActiveCfg = Release|Win32
		{001204EC-33B7-427D-AF9B-68F222C97349}.Installer_Target|Win32.Build.0 = Release|Win32
		{001204EC-33B7-427D-AF9B-68F222C97349}.Installer_Target|x64.ActiveCfg = Release|Win32
		{001204EC-33B7-427D-AF9B-68F222C97349}.Installer_Target|x64.Build.0 = Release|Win32
		{001204EC-33B7-427D-AF9B-68F222C97349}.Release|Win32.ActiveCfg = Release|Win32
		{001204EC-33B7-427D-AF9B-68F222C97349}.Release|Win32.Build.0 = Release|Win32
		{001204EC-33B7-427D-AF9B-68F222C97349}.Release|x64.ActiveCfg = Release|Win32
		{452BDDC2-D77B-45C3-991E-7D93DE3638B0}.Debug|Win32.ActiveCfg = Debug|Win32
		{452BDDC2-D77B-45C3-991E-7D93DE3638B0}.Debug|Win32.Build.0 = Debug|Win32
		{452BDDC2-D77B-45C3-991E-7D93DE3638B0}.Debug|x64.ActiveCfg = Debug|Win32
		{452BDDC2-D77B-45C3-991E-7D93DE3638B0}.Installer_Target|Win32.ActiveCfg = Release|Win32
		{452BDDC2-D77B-45C3-991E-7D93DE3638B0}.Installer_Target|x64.ActiveCfg = Release|Win32
		{452BDDC2-D77B-45C3-991E-7D93DE3638B0}.Installer_Target|x64.Build.0 = Release|Win32
		{452BDDC2-D77B-45C3-991E-7D93DE3638B0}.Release|Win32.ActiveCfg = Release|Win32
		{452BDDC2-D77B-45C3-991E-7D93DE3638B0}.Release|Win32.Build.0 = Release|Win32
		{452BDDC2-D77B-45C3-991E-7D93DE3638B0}.Release|x64.ActiveCfg = Release|Win32
		{08C0C784-F586-4CAA-8951-8ADF1586C0E9}.Debug|Win32.ActiveCfg = Release|Win32
		{08C0C784-F586-4CAA-8951-8ADF1586C0E9}.Debug|Win32.Build.0 = Release|Win32
		{08C0C784-F586-4CAA-8951-8ADF1586C0E9}.Debug|x64.ActiveCfg = Release|Win32
		{08C0C784-F586-4CAA-8951-8ADF1586C0E9}.Debug|x64.Build.0 = Release|Win32
		{08C0C784-F586-4CAA-8951-8ADF1586C0E9}.Debug|x64.Deploy.0 = Release|Win32
		{08C0C784-F586-4CAA-8951-8ADF1586C0E9}.Installer_Target|Win32.ActiveCfg = Release|Win32
		{08C0C784-F586-4CAA-8951-8ADF1586C0E9}.Installer_Target|x64.ActiveCfg = Release|Win32
		{08C0C784-F586-4CAA-8951-8ADF1586C0E9}.Installer_Target|x64.Build.0 = Release|Win32
		{08C0C784-F586-4CAA-8951-8ADF1586C0E9}.Installer_Target|x64.Deploy.0 = Release|Win32
		{08C0C784-F586-4CAA-8951-8ADF1586C0E9}.Release|Win32.ActiveCfg = Release|Win32
		{08C0C784-F586-4CAA-8951-8ADF1586C0E9}.Release|Win32.Build.0 = Release|Win32
		{08C0C784-F586-4CAA-8951-8ADF1586C0E9}.Release|x64.ActiveCfg = Release|Win32
		{B6097062-8179-4F1F-9185-381FC4980C47}.Debug|Win32.ActiveCfg = Debug|Win32
		{B6097062-8179-4F1F-9185-381FC4980C47}.Debug|Win32.Build.0 = Debug|Win32
		{B6097062-8179-4F1F-9185-381FC4980C47}.Debug|x64.ActiveCfg = Debug|Win32
		{B6097062-8179-4F1F-9185-381FC4980C47}.Installer_Target|Win32.ActiveCfg = Release|Win32
		{B6097062-8179-4F1F-9185-381FC4980C47}.Installer_Target|x64.ActiveCfg = Release|Win32
		{B6097062-8179-4F1F-9185-381FC4980C47}.Installer_Target|x64.Build.0 = Release|Win32
		{B6097062-8179-4F1F-9185-381FC4980C47}.Installer_Target|x64.Deploy.0 = Release|Win32
		{B6097062-8179-4F1F-9185-381FC4980C47}.Release|Win32.ActiveCfg = Release|Win32
		{B6097062-8179-4F1F-9185-381FC4980C47}.Release|Win32.Build.0 = Release|Win32
		{B6097062-8179-4F1F-9185-381FC4980C47}.Release|x64.ActiveCfg = Release|Win32
		{22DF92EF-890D-42B7-A51B-39DD64B320F1}.Debug|Win32.ActiveCfg = Debug|Win32
		{22DF92EF-890D-42B7-A51B-39DD64B320F1}.Debug|Win32.Build.0 = Debug|Win32
		{22DF92EF-890D-42B7-A51B-39DD64B320F1}.Debug|x64.ActiveCfg = Debug|Win32
		{22DF92EF-890D-42B7-A51B-39DD64B320F1}.Installer_Target|Win32.ActiveCfg = Release|Win32
		{22DF92EF-890D-42B7-A51B-39DD64B320F1}.Installer_Target|x64.ActiveCfg = Release|Win32
		{22DF92EF-890D-42B7-A51B-39DD64B320F1}.Installer_Target|x64.Build.0 = Release|Win32
		{22DF92EF-890D-42B7-A51B-39DD64B320F1}.Installer_Target|x64.Deploy.0 = Release|Win32
		{22DF92EF-890D-42B7-A51B-39DD64B320F1}.Release|Win32.ActiveCfg = Release|Win32
		{22DF92EF-890D-42B7-A51B-39DD64B320F1}.Release|Win32.Build.0 = Release|Win32
		{22DF92EF-890D-42B7-A51B-39DD64B320F1}.Release|x64.ActiveCfg = Release|Win32
		{843656FD-9BFD-47BF-8460-7BFE9710EA2C}.Debug|Win32.ActiveCfg = Debug|Win32
		{843656FD-9BFD-47BF-8460-7BFE9710EA2C}.Debug|Win32.Build.0 = Debug|Win32
		{843656FD-9BFD-47BF-8460-7BFE9710EA2C}.Debug|x64.ActiveCfg = Debug|Win32
		{843656FD-9BFD-47BF-8460-7BFE9710EA2C}.Installer_Target|Win32.ActiveCfg = Release|Win32
		{843656FD-9BFD-47BF-8460-7BFE9710EA2C}.Installer_Target|x64.ActiveCfg = Release|Win32
		{843656FD-9BFD-47BF-8460-7BFE9710EA2C}.Installer_Target|x64.Build.0 = Release|Win32
		{843656FD-9BFD-47BF-8460-7BFE9710EA2C}.Release|Win32.ActiveCfg = Release|Win32
		{843656FD-9BFD-47BF-8460-7BFE9710EA2C}.Release|Win32.Build.0 = Release|Win32
		{843656FD-9BFD-47BF-8460-7BFE9710EA2C}.Release|x64.ActiveCfg = Release|Win32
		{2BED9E24-4DAE-43A1-8D7F-A4EC05E53DAE}.Debug|Win32.ActiveCfg = Release|Win32
		{2BED9E24-4DAE-43A1-8D7F-A4EC05E53DAE}.Debug|x64.ActiveCfg = Release|Win32
		{2BED9E24-4DAE-43A1-8D7F-A4EC05E53DAE}.Debug|x64.Build.0 = Release|Win32
		{2BED9E24-4DAE-43A1-8D7F-A4EC05E53DAE}.Debug|x64.Deploy.0 = Release|Win32
		{2BED9E24-4DAE-43A1-8D7F-A4EC05E53DAE}.Installer_Target|Win32.ActiveCfg = Release|Win32
		{2BED9E24-4DAE-43A1-8D7F-A4EC05E53DAE}.Installer_Target|Win32.Build.0 = Release|Win32
		{2BED9E24-4DAE-43A1-8D7F-A4EC05E53DAE}.Installer_Target|x64.ActiveCfg = Release|Win32
		{2BED9E24-4DAE-43A1-8D7F-A4EC05E53DAE}.Installer_Target|x64.Build.0 = Release|Win32
		{2BED9E24-4DAE-43A1-8D7F-A4EC05E53DAE}.Installer_Target|x64.Deploy.0 = Release|Win32
		{2BED9E24-4DAE-43A1-8D7F-A4EC05E53DAE}.Release|Win32.ActiveCfg = Release|Win32
		{2BED9E24-4DAE-43A1-8D7F-A4EC05E53DAE}.Release|x64.ActiveCfg = Release|Win32
		{19E2598F-2EBA-4C11-ABE9-AC762CE449C9}.Debug|Win32.ActiveCfg = Debug|Win32
		{19E2598F-2EBA-4C11-ABE9-AC762CE449C9}.Debug|Win32.Build.0 = Debug|Win32
		{19E2598F-2EBA-4C11-ABE9-AC762CE449C9}.Debug|x64.ActiveCfg = Debug|Win32
		{19E2598F-2EBA-4C11-ABE9-AC762CE449C9}.Installer_Target|Win32.ActiveCfg = Release|Win32
		{19E2598F-2EBA-4C11-ABE9-AC762CE449C9}.Installer_Target|x64.ActiveCfg = Release|Win32
		{19E2598F-2EBA-4C11-ABE9-AC762CE449C9}.Installer_Target|x64.Build.0 = Release|Win32
		{19E2598F-2EBA-4C11-ABE9-AC762CE449C9}.Release|Win32.ActiveCfg = Release|Win32
		{19E2598F-2EBA-4C11-ABE9-AC762CE449C9}.Release|Win32.Build.0 = Release|Win32
		{19E2598F-2EBA-4C11-ABE9-AC762CE449C9}.Release|x64.ActiveCfg = Release|Win32
		{7C035A16-F016-4F21-88EB-8DD3B9539219}.Debug|Win32.ActiveCfg = Release|Win32
		{7C035A16-F016-4F21-88EB-8DD3B9539219}.Debug|x64.ActiveCfg = Release|Win32
		{7C035A16-F016-4F21-88EB-8DD3B9539219}.Debug|x64.Build.0 = Release|Win32
		{7C035A16-F016-4F21-88EB-8DD3B9539219}.Installer_Target|Win32.ActiveCfg = Release|Win32
		{7C035A16-F016-4F21-88EB-8DD3B9539219}.Installer_Target|Win32.Build.0 = Release|Win32
		{7C035A16-F016-4F21-88EB-8DD3B9539219}.Installer_Target|x64.ActiveCfg = Release|Win32
		{7C035A16-F016-4F21-88EB-8DD3B9539219}.Installer_Target|x64.Build.0 = Release|Win32
		{7C035A16-F016-4F21-88EB-8DD3B9539219}.Release|Win32.ActiveCfg = Release|Win32
		{7C035A16-F016-4F21-88EB-8DD3B9539219}.Release|x64.ActiveCfg = Release|Win32
		{EB603D63-BA16-4BB4-AC5F-9901FF9B1761}.Debug|Win32.ActiveCfg = Debug|Win32
		{EB603D63-BA16-4BB4-AC5F-9901FF9B1761}.Debug|Win32.Build.0 = Debug|Win32
		{EB603D63-BA16-4BB4-AC5F-9901FF9B1761}.Debug|x64.ActiveCfg = Debug|Win32
		{EB603D63-BA16-4BB4-AC5F-9901FF9B1761}.Installer_Target|Win32.ActiveCfg = Release|Win32
		{EB603D63-BA16-4BB4-AC5F-9901FF9B1761}.Installer_Target|x64.ActiveCfg = Release|Win32
		{EB603D63-BA16-4BB4-AC5F-9901FF9B1761}.Installer_Target|x64.Build.0 = Release|Win32
		{EB603D63-BA16-4BB4-AC5F-9901FF9B1761}.Release|Win32.ActiveCfg = Release|Win32
		{EB603D63-BA16-4BB4-AC5F-9901FF9B1761}.Release|Win32.Build.0 = Release|Win32
		{EB603D63-BA16-4BB4-AC5F-9901FF9B1761}.Release|x64.ActiveCfg = Release|Win32
		{2E63AE74-758A-4607-9DE4-D28E814A6E13}.Debug|Win32.ActiveCfg = Debug|Win32
		{2E63AE74-758A-4607-9DE4-D28E814A6E13}.Debug|Win32.Build.0 = Debug|Win32
		{2E63AE74-758A-4607-9DE4-D28E814A6E13}.Debug|x64.ActiveCfg = Debug|Win32
		{2E63AE74-758A-4607-9DE4-D28E814A6E13}.Installer_Target|Win32.ActiveCfg = Release|Win32
		{2E63AE74-758A-4607-9DE4-D28E814A6E13}.Installer_Target|x64.ActiveCfg = Release|Win32
		{2E63AE74-758A-4607-9DE4-D28E814A6E13}.Installer_Target|x64.Build.0 = Release|Win32
		{2E63AE74-758A-4607-9DE4-D28E814A6E13}.Release|Win32.ActiveCfg = Release|Win32
		{2E63AE74-758A-4607-9DE4-D28E814A6E13}.Release|Win32.Build.0 = Release|Win32
		{2E63AE74-758A-4607-9DE4-D28E814A6E13}.Release|x64.ActiveCfg = Release|Win32
		{8D2682F5-7022-40E6-95E3-7257D43639F1}.Debug|Win32.ActiveCfg = Release|Win32
		{8D2682F5-7022-40E6-95E3-7257D43639F1}.Debug|Win32.Build.0 = Release|Win32
		{8D2682F5-7022-40E6-95E3-7257D43639F1}.Debug|x64.ActiveCfg = Release|Win32
		{8D2682F5-7022-40E6-95E3-7257D43639F1}.Debug|x64.Build.0 = Release|Win32
		{8D2682F5-7022-40E6-95E3-7257D43639F1}.Installer_Target|Win32.ActiveCfg = Release|Win32
		{8D2682F5-7022-40E6-95E3-7257D43639F1}.Installer_Target|x64.ActiveCfg = Release|Win32
		{8D2682F5-7022-40E6-95E3-7257D43639F1}.Installer_Target|x64.Build.0 = Release|Win32
		{8D2682F5-7022-40E6-95E3-7257D43639F1}.Release|Win32.ActiveCfg = Release|Win32
		{8D2682F5-7022-40E6-95E3-7257D43639F1}.Release|Win32.Build.0 = Release|Win32
		{8D2682F5-7022-40E6-95E3-7257D43639F1}.Release|x64.ActiveCfg = Release|Win32
		{982561B2-A7D0-44E9-BD3D-0FD117E3F882}.Debug|Win32.ActiveCfg = Debug|Win32
		{982561B2-A7D0-44E9-BD3D-0FD117E3F882}.Debug|Win32.Build.0 = Debug|Win32
		{982561B2-A7D0-44E9-BD3D-0FD117E3F882}.Debug|x64.ActiveCfg = Debug|Win32
		{982561B2-A7D0-44E9-BD3D-0FD117E3F882}.Installer_Target|Win32.ActiveCfg = Release|Win32
		{982561B2-A7D0-44E9-BD3D-0FD117E3F882}.Installer_Target|x64.ActiveCfg = Release|Win32
		{982561B2-A7D0-44E9-BD3D-0FD117E3F882}.Installer_Target|x64.Build.0 = Release|Win32
		{982561B2-A7D0-44E9-BD3D-0FD117E3F882}.Release|Win32.ActiveCfg = Release|Win32
		{982561B2-A7D0-44E9-BD3D-0FD117E3F882}.Release|Win32.Build.0 = Release|Win32
		{982561B2-A7D0-44E9-BD3D-0FD117E3F882}.Release|x64.ActiveCfg = Release|Win32
		{3CC5BA45-00B1-4B7C-BF07-341C90343F39}.Debug|Win32.ActiveCfg = Debug|Win32
		{3CC5BA45-00B1-4B7C-BF07-341C90343F39}.Debug|Win32.Build.0 = Debug|Win32
		{3CC5BA45-00B1-4B7C-BF07-341C90343F39}.Debug|Win32.Deploy.0 = Debug|Win32
		{3CC5BA45-00B1-4B7C-BF07-341C90343F39}.Debug|x64.ActiveCfg = Debug|Win32
		{3CC5BA45-00B1-4B7C-BF07-341C90343F39}.Installer_Target|Win32.ActiveCfg = Debug|Win32
		{3CC5BA45-00B1-4B7C-BF07-341C90343F39}.Installer_Target|Win32.Build.0 = Debug|Win32
		{3CC5BA45-00B1-4B7C-BF07-341C90343F39}.Installer_Target|Win32.Deploy.0 = Debug|Win32
		{3CC5BA45-00B1-4B7C-BF07-341C90343F39}.Installer_Target|x64.ActiveCfg = Release|Win32
		{3CC5BA45-00B1-4B7C-BF07-341C90343F39}.Installer_Target|x64.Build.0 = Release|Win32
		{3CC5BA45-00B1-4B7C-BF07-341C90343F39}.Release|Win32.ActiveCfg = Release|Win32
		{3CC5BA45-00B1-4B7C-BF07-341C90343F39}.Release|Win32.Build.0 = Release|Win32
		{3CC5BA45-00B1-4B7C-BF07-341C90343F39}.Release|Win32.Deploy.0 = Release|Win32
		{3CC5BA45-00B1-4B7C-BF07-341C90343F39}.Release|x64.ActiveCfg = Release|Win32
		{FA39DBC2-7EA3-4A6B-B125-B1F50A5DA824}.Debug|Win32.ActiveCfg = Debug|Win32
		{FA39DBC2-7EA3-4A6B-B125-B1F50A5DA824}.Debug|Win32.Build.0 = Debug|Win32
		{FA39DBC2-7EA3-4A6B-B125-B1F50A5DA824}.Debug|x64.ActiveCfg = Debug|x64
		{FA39DBC2-7EA3-4A6B-B125-B1F50A5DA824}.Debug|x64.Build.0 = Debug|x64
		{FA39DBC2-7EA3-4A6B-B125-B1F50A5DA824}.Installer_Target|Win32.ActiveCfg = Release|Win32
		{FA39DBC2-7EA3-4A6B-B125-B1F50A5DA824}.Installer_Target|Win32.Build.0 = Release|Win32
		{FA39DBC2-7EA3-4A6B-B125-B1F50A5DA824}.Installer_Target|x64.ActiveCfg = Release|x64
		{FA39DBC2-7EA3-4A6B-B125-B1F50A5DA824}.Installer_Target|x64.Build.0 = Release|x64
		{FA39DBC2-7EA3-4A6B-B125-B1F50A5DA824}.Release|Win32.ActiveCfg = Release|Win32
		{FA39DBC2-7EA3-4A6B-B125-B1F50A5DA824}.Release|Win32.Build.0 = Release|Win32
		{FA39DBC2-7EA3-4A6B-B125-B1F50A5DA824}.Release|x64.ActiveCfg = Release|x64
		{FA39DBC2-7EA3-4A6B-B125-B1F50A5DA824}.Release|x64.Build.0 = Release|x64
		{D85BFAE4-CE79-4F4D-A032-FFA45B559E29}.Debug|Win32.ActiveCfg = Debug|Win32
		{D85BFAE4-CE79-4F4D-A032-FFA45B559E29}.Debug|Win32.Build.0 = Debug|Win32
		{D85BFAE4-CE79-4F4D-A032-FFA45B559E29}.Debug|x64.ActiveCfg = Debug|x64
		{D85BFAE4-CE79-4F4D-A032-FFA45B559E29}.Debug|x64.Build.0 = Debug|x64
		{D85BFAE4-CE79-4F4D-A032-FFA45B559E29}.Installer_Target|Win32.ActiveCfg = Release|Win32
		{D85BFAE4-CE79-4F4D-A032-FFA45B559E29}.Installer_Target|Win32.Build.0 = Release|Win32
		{D85BFAE4-CE79-4F4D-A032-FFA45B559E29}.Installer_Target|x64.ActiveCfg = Release|x64
		{D85BFAE4-CE79-4F4D-A032-FFA45B559E29}.Installer_Target|x64.Build.0 = Release|x64
		{D85BFAE4-CE79-4F4D-A032-FFA45B559E29}.Release|Win32.ActiveCfg = Release|Win32
		{D85BFAE4-CE79-4F4D-A032-FFA45B559E29}.Release|Win32.Build.0 = Release|Win32
		{D85BFAE4-CE79-4F4D-A032-FFA45B559E29}.Release|x64.ActiveCfg = Release|x64
		{D85BFAE4-CE79-4F4D-A032-FFA45B559E29}.Release|x64.Build.0 = Release|x64
		{760E9359-EC46-48F7-AE1D-E238B17C4797}.Debug|Win32.ActiveCfg = Debug|Win32
		{760E9359-EC46-48F7-AE1D-E238B17C4797}.Debug|Win32.Build.0 = Debug|Win32
		{760E9359-EC46-48F7-AE1D-E238B17C4797}.Debug|x64.ActiveCfg = Debug|x64
		{760E9359-EC46-48F7-AE1D-E238B17C4797}.Debug|x64.Build.0 = Debug|x64
		{760E9359-EC46-48F7-AE1D-E238B17C4797}.Installer_Target|Win32.ActiveCfg = Release|Win32
		{760E9359-EC46-48F7-AE1D-E238B17C4797}.Installer_Target|Win32.Build.0 = Release|Win32
		{760E9359-EC46-48F7-AE1D-E238B17C4797}.Installer_Target|x64.ActiveCfg = Release|x64
		{760E9359-EC46-48F7-AE1D-E238B17C4797}.Installer_Target|x64.Build.0 = Release|x64
		{760E9359-EC46-48F7-AE1D-E238B17C4797}.Release|Win32.ActiveCfg = Release|Win32
		{760E9359-EC46-48F7-AE1D-E238B17C4797}.Release|Win32.Build.0 = Release|Win32
		{760E9359-EC46-48F7-AE1D-E238B17C4797}.Release|x64.ActiveCfg = Release|x64
		{760E9359-EC46-48F7-AE1D-E238B17C4797}.Release|x64.Build.0 = Release|x64
		{FB5DA788-0A09-3724-85D8-F80903AD1474}.Debug|Win32.ActiveCfg = Debug|Win32
		{FB5DA788-0A09-3724-85D8-F80903AD1474}.Debug|Win32.Build.0 = Debug|Win32
		{FB5DA788-0A09-3724-85D8-F80903AD1474}.Debug|x64.ActiveCfg = Debug|Win32
		{FB5DA788-0A09-3724-85D8-F80903AD1474}.Installer_Target|Win32.ActiveCfg = Release|Win32
		{FB5DA788-0A09-3724-85D8-F80903AD1474}.Installer_Target|Win32.Build.0 = Release|Win32
		{FB5DA788-0A09-3724-85D8-F80903AD1474}.Installer_Target|x64.ActiveCfg = Release|Win32
		{FB5DA788-0A09-3724-85D8-F80903AD1474}.Installer_Target|x64.Build.0 = Release|Win32
		{FB5DA788-0A09-3724-85D8-F80903AD1474}.Release|Win32.ActiveCfg = Release|Win32
		{FB5DA788-0A09-3724-85D8-F80903AD1474}.Release|Win32.Build.0 = Release|Win32
		{FB5DA788-0A09-3724-85D8-F80903AD1474}.Release|x64.ActiveCfg = Release|Win32
		{8A15E6B3-E2D0-4CEC-9BA9-B6C6FFC1CA91}.Debug|Win32.ActiveCfg = Debug|Win32
		{8A15E6B3-E2D0-4CEC-9BA9-B6C6FFC1CA91}.Debug|Win32.Build.0 = Debug|Win32
		{8A15E6B3-E2D0-4CEC-9BA9-B6C6FFC1CA91}.Debug|x64.ActiveCfg = Debug|x64
		{8A15E6B3-E2D0-4CEC-9BA9-B6C6FFC1CA91}.Debug|x64.Build.0 = Debug|x64
		{8A15E6B3-E2D0-4CEC-9BA9-B6C6FFC1CA91}.Installer_Target|Win32.ActiveCfg = Release|Win32
		{8A15E6B3-E2D0-4CEC-9BA9-B6C6FFC1CA91}.Installer_Target|Win32.Build.0 = Release|Win32
		{8A15E6B3-E2D0-4CEC-9BA9-B6C6FFC1CA91}.Installer_Target|x64.ActiveCfg = Release|x64
		{8A15E6B3-E2D0-4CEC-9BA9-B6C6FFC1CA91}.Installer_Target|x64.Build.0 = Release|x64
		{8A15E6B3-E2D0-4CEC-9BA9-B6C6FFC1CA91}.Release|Win32.ActiveCfg = Release|Win32
		{8A15E6B3-E2D0-4CEC-9BA9-B6C6FFC1CA91}.Release|Win32.Build.0 = Release|Win32
		{8A15E6B3-E2D0-4CEC-9BA9-B6C6FFC1CA91}.Release|x64.ActiveCfg = Release|x64
		{8A15E6B3-E2D0-4CEC-9BA9-B6C6FFC1CA91}.Release|x64.Build.0 = Release|x64
	EndGlobalSection
	GlobalSection(SolutionProperties) = preSolution
		HideSolutionNode = FALSE
	EndGlobalSection
	GlobalSection(NestedProjects) = preSolution
		{3B459416-71D3-43F0-88E1-46ABB6DB6704} = {0716BAB7-D569-4083-B7C9-1BE060FCB3E1}
		{E872FA31-C3AC-4331-AD60-315768E44ACA} = {3B459416-71D3-43F0-88E1-46ABB6DB6704}
		{001204EC-33B7-427D-AF9B-68F222C97349} = {3B459416-71D3-43F0-88E1-46ABB6DB6704}
		{452BDDC2-D77B-45C3-991E-7D93DE3638B0} = {3B459416-71D3-43F0-88E1-46ABB6DB6704}
		{08C0C784-F586-4CAA-8951-8ADF1586C0E9} = {3B459416-71D3-43F0-88E1-46ABB6DB6704}
		{B6097062-8179-4F1F-9185-381FC4980C47} = {0510989A-57DD-4502-AC6E-25C3253FA5B4}
		{22DF92EF-890D-42B7-A51B-39DD64B320F1} = {0510989A-57DD-4502-AC6E-25C3253FA5B4}
		{843656FD-9BFD-47BF-8460-7BFE9710EA2C} = {0510989A-57DD-4502-AC6E-25C3253FA5B4}
		{2BED9E24-4DAE-43A1-8D7F-A4EC05E53DAE} = {DAA4B532-13CF-4B0B-9D4D-D479BE1FB3DD}
		{19E2598F-2EBA-4C11-ABE9-AC762CE449C9} = {DAA4B532-13CF-4B0B-9D4D-D479BE1FB3DD}
		{7C035A16-F016-4F21-88EB-8DD3B9539219} = {DAA4B532-13CF-4B0B-9D4D-D479BE1FB3DD}
		{EB603D63-BA16-4BB4-AC5F-9901FF9B1761} = {172D1487-ABC5-4DC4-9A15-564019DAE4C8}
		{2E63AE74-758A-4607-9DE4-D28E814A6E13} = {172D1487-ABC5-4DC4-9A15-564019DAE4C8}
		{8D2682F5-7022-40E6-95E3-7257D43639F1} = {172D1487-ABC5-4DC4-9A15-564019DAE4C8}
		{982561B2-A7D0-44E9-BD3D-0FD117E3F882} = {172D1487-ABC5-4DC4-9A15-564019DAE4C8}
		{FA39DBC2-7EA3-4A6B-B125-B1F50A5DA824} = {0716BAB7-D569-4083-B7C9-1BE060FCB3E1}
		{D85BFAE4-CE79-4F4D-A032-FFA45B559E29} = {0716BAB7-D569-4083-B7C9-1BE060FCB3E1}
		{760E9359-EC46-48F7-AE1D-E238B17C4797} = {0510989A-57DD-4502-AC6E-25C3253FA5B4}
		{FB5DA788-0A09-3724-85D8-F80903AD1474} = {0716BAB7-D569-4083-B7C9-1BE060FCB3E1}
		{8A15E6B3-E2D0-4CEC-9BA9-B6C6FFC1CA91} = {0510989A-57DD-4502-AC6E-25C3253FA5B4}
	EndGlobalSection
	GlobalSection(ExtensibilityGlobals) = postSolution
		SolutionGuid = {400E9D19-C5F4-491D-A809-3FB26965CD49}
	EndGlobalSection
EndGlobal
