Microsoft Visual Studio Solution File, Format Version 9.00
# Visual Studio 2005
Project("{8BC9CEB8-8B4A-11D0-8D11-00A0C91BC942}") = "BWAPI", "BWAPI\BWAPI-2005.vcproj", "{FF769215-5911-4C64-B3FC-175B868CE54A}"
	ProjectSection(WebsiteProperties) = preProject
		Debug.AspNetCompiler.Debug = "True"
		Release.AspNetCompiler.Debug = "False"
	EndProjectSection
	ProjectSection(ProjectDependencies) = postProject
		{C252CA4E-FFA0-404C-B5B4-614CF330C084} = {C252CA4E-FFA0-404C-B5B4-614CF330C084}
		{26CFEA71-EFC5-40D4-A0B8-F35EC573C25F} = {26CFEA71-EFC5-40D4-A0B8-F35EC573C25F}
		{332970D0-68A1-4A12-9E19-37F27B5A7836} = {332970D0-68A1-4A12-9E19-37F27B5A7836}
	EndProjectSection
EndProject
Project("{8BC9CEB8-8B4A-11D0-8D11-00A0C91BC942}") = "BWAI", "BWAI\BWAI-2005.vcproj", "{26CFEA71-EFC5-40D4-A0B8-F35EC573C25F}"
	ProjectSection(WebsiteProperties) = preProject
		Debug.AspNetCompiler.Debug = "True"
		Release.AspNetCompiler.Debug = "False"
	EndProjectSection
EndProject
Project("{8BC9CEB8-8B4A-11D0-8D11-00A0C91BC942}") = "BWAPI_ChaosLauncherInjector", "BWAPI_ChaosLauncherInjector\BWAPI_ChaosLauncherInjector-2005.vcproj", "{E872FA31-C3AC-4331-AD60-315768E44ACA}"
	ProjectSection(WebsiteProperties) = preProject
		Debug.AspNetCompiler.Debug = "True"
		Release.AspNetCompiler.Debug = "False"
	EndProjectSection
EndProject
Project("{8BC9CEB8-8B4A-11D0-8D11-00A0C91BC942}") = "Util", "Util\Util-2005.vcproj", "{C252CA4E-FFA0-404C-B5B4-614CF330C084}"
	ProjectSection(WebsiteProperties) = preProject
		Debug.AspNetCompiler.Debug = "True"
		Release.AspNetCompiler.Debug = "False"
	EndProjectSection
EndProject
Project("{8BC9CEB8-8B4A-11D0-8D11-00A0C91BC942}") = "TinyXml", "TinyXml\TinyXml-2005.vcproj", "{332970D0-68A1-4A12-9E19-37F27B5A7836}"
	ProjectSection(WebsiteProperties) = preProject
		Debug.AspNetCompiler.Debug = "True"
		Release.AspNetCompiler.Debug = "False"
	EndProjectSection
EndProject
Global
	GlobalSection(SolutionConfigurationPlatforms) = preSolution
		Debug|Win32 = Debug|Win32
		Release|Win32 = Release|Win32
	EndGlobalSection
	GlobalSection(ProjectConfigurationPlatforms) = postSolution
		{FF769215-5911-4C64-B3FC-175B868CE54A}.Debug|Win32.ActiveCfg = Debug|Win32
		{FF769215-5911-4C64-B3FC-175B868CE54A}.Debug|Win32.Build.0 = Debug|Win32
		{FF769215-5911-4C64-B3FC-175B868CE54A}.Release|Win32.ActiveCfg = Release|Win32
		{FF769215-5911-4C64-B3FC-175B868CE54A}.Release|Win32.Build.0 = Release|Win32
		{26CFEA71-EFC5-40D4-A0B8-F35EC573C25F}.Debug|Win32.ActiveCfg = Debug|Win32
		{26CFEA71-EFC5-40D4-A0B8-F35EC573C25F}.Debug|Win32.Build.0 = Debug|Win32
		{26CFEA71-EFC5-40D4-A0B8-F35EC573C25F}.Release|Win32.ActiveCfg = Release|Win32
		{26CFEA71-EFC5-40D4-A0B8-F35EC573C25F}.Release|Win32.Build.0 = Release|Win32
		{E872FA31-C3AC-4331-AD60-315768E44ACA}.Debug|Win32.ActiveCfg = Debug|Win32
		{E872FA31-C3AC-4331-AD60-315768E44ACA}.Debug|Win32.Build.0 = Debug|Win32
		{E872FA31-C3AC-4331-AD60-315768E44ACA}.Release|Win32.ActiveCfg = Release|Win32
		{E872FA31-C3AC-4331-AD60-315768E44ACA}.Release|Win32.Build.0 = Release|Win32
		{C252CA4E-FFA0-404C-B5B4-614CF330C084}.Debug|Win32.ActiveCfg = Debug|Win32
		{C252CA4E-FFA0-404C-B5B4-614CF330C084}.Debug|Win32.Build.0 = Debug|Win32
		{C252CA4E-FFA0-404C-B5B4-614CF330C084}.Release|Win32.ActiveCfg = Release|Win32
		{C252CA4E-FFA0-404C-B5B4-614CF330C084}.Release|Win32.Build.0 = Release|Win32
		{332970D0-68A1-4A12-9E19-37F27B5A7836}.Debug|Win32.ActiveCfg = Debug|Win32
		{332970D0-68A1-4A12-9E19-37F27B5A7836}.Debug|Win32.Build.0 = Debug|Win32
		{332970D0-68A1-4A12-9E19-37F27B5A7836}.Release|Win32.ActiveCfg = Release|Win32
		{332970D0-68A1-4A12-9E19-37F27B5A7836}.Release|Win32.Build.0 = Release|Win32
	EndGlobalSection
	GlobalSection(SolutionProperties) = preSolution
		HideSolutionNode = FALSE
	EndGlobalSection
EndGlobal
