<?xml version="1.0" encoding="utf-8"?>
<Project ToolsVersion="15.0" xmlns="http://schemas.microsoft.com/developer/msbuild/2003">
  <ItemGroup>
    <Filter Include="Source Files">
      <UniqueIdentifier>{9DD00B01-374C-398E-8B71-4C359CF05856}</UniqueIdentifier>
    </Filter>
    <Filter Include="Header Files">
      <UniqueIdentifier>{4B8B992C-E6EA-305B-A752-BE42215EFAA0}</UniqueIdentifier>
    </Filter>
    <Filter Include="Header Files\io">
      <UniqueIdentifier>{ea87fd99-a89e-4c28-bf77-f2e618df4707}</UniqueIdentifier>
    </Filter>
    <Filter Include="Source Files\io">
      <UniqueIdentifier>{562a2c35-7d7d-4dda-8af3-fb6788c5b835}</UniqueIdentifier>
    </Filter>
    <Filter Include="Header Files\stubs">
      <UniqueIdentifier>{a1fbf688-a4df-490d-bcef-4e9bd905b1c3}</UniqueIdentifier>
    </Filter>
    <Filter Include="Source Files\stubs">
      <UniqueIdentifier>{d7407a8f-979f-4fe3-acb1-e31c9cf4e109}</UniqueIdentifier>
    </Filter>
    <Filter Include="Header Files\testing">
      <UniqueIdentifier>{d7444edb-04a7-434b-9b99-de7b495fbc7f}</UniqueIdentifier>
    </Filter>
    <Filter Include="Source Files\testing">
      <UniqueIdentifier>{d69bb239-913e-411f-b6f1-fef78fc0d427}</UniqueIdentifier>
    </Filter>
    <Filter Include="Header Files\util">
      <UniqueIdentifier>{69977dad-3712-4991-8877-cca9df618d3d}</UniqueIdentifier>
    </Filter>
    <Filter Include="Source Files\util">
      <UniqueIdentifier>{ed9c3001-152e-48cb-a7e9-8ba98c94ab0d}</UniqueIdentifier>
    </Filter>
  </ItemGroup>
  <ItemGroup>
    <ClInclude Include="src\google\protobuf\io\tokenizer.h">
      <Filter>Header Files\io</Filter>
    </ClInclude>
    <ClInclude Include="src\google\protobuf\io\strtod.h">
      <Filter>Header Files\io</Filter>
    </ClInclude>
    <ClInclude Include="src\google\protobuf\io\printer.h">
      <Filter>Header Files\io</Filter>
    </ClInclude>
    <ClInclude Include="src\google\protobuf\io\package_info.h">
      <Filter>Header Files\io</Filter>
    </ClInclude>
    <ClInclude Include="src\google\protobuf\io\coded_stream_inl.h">
      <Filter>Header Files\io</Filter>
    </ClInclude>
    <ClInclude Include="src\google\protobuf\io\coded_stream.h">
      <Filter>Header Files\io</Filter>
    </ClInclude>
    <ClInclude Include="src\google\protobuf\io\zero_copy_stream_impl_lite.h">
      <Filter>Header Files\io</Filter>
    </ClInclude>
    <ClInclude Include="src\google\protobuf\io\zero_copy_stream_impl.h">
      <Filter>Header Files\io</Filter>
    </ClInclude>
    <ClInclude Include="src\google\protobuf\io\zero_copy_stream.h">
      <Filter>Header Files\io</Filter>
    </ClInclude>
    <ClInclude Include="src\google\protobuf\stubs\time.h">
      <Filter>Header Files\stubs</Filter>
    </ClInclude>
    <ClInclude Include="src\google\protobuf\stubs\substitute.h">
      <Filter>Header Files\stubs</Filter>
    </ClInclude>
    <ClInclude Include="src\google\protobuf\stubs\strutil.h">
      <Filter>Header Files\stubs</Filter>
    </ClInclude>
    <ClInclude Include="src\google\protobuf\stubs\stringprintf.h">
      <Filter>Header Files\stubs</Filter>
    </ClInclude>
    <ClInclude Include="src\google\protobuf\stubs\stringpiece.h">
      <Filter>Header Files\stubs</Filter>
    </ClInclude>
    <ClInclude Include="src\google\protobuf\stubs\stl_util.h">
      <Filter>Header Files\stubs</Filter>
    </ClInclude>
    <ClInclude Include="src\google\protobuf\stubs\statusor.h">
      <Filter>Header Files\stubs</Filter>
    </ClInclude>
    <ClInclude Include="src\google\protobuf\stubs\status_macros.h">
      <Filter>Header Files\stubs</Filter>
    </ClInclude>
    <ClInclude Include="src\google\protobuf\stubs\status.h">
      <Filter>Header Files\stubs</Filter>
    </ClInclude>
    <ClInclude Include="src\google\protobuf\stubs\port.h">
      <Filter>Header Files\stubs</Filter>
    </ClInclude>
    <ClInclude Include="src\google\protobuf\stubs\singleton.h">
      <Filter>Header Files\stubs</Filter>
    </ClInclude>
    <ClInclude Include="src\google\protobuf\stubs\platform_macros.h">
      <Filter>Header Files\stubs</Filter>
    </ClInclude>
    <ClInclude Include="src\google\protobuf\stubs\once.h">
      <Filter>Header Files\stubs</Filter>
    </ClInclude>
    <ClInclude Include="src\google\protobuf\stubs\mutex.h">
      <Filter>Header Files\stubs</Filter>
    </ClInclude>
    <ClInclude Include="src\google\protobuf\stubs\mathlimits.h">
      <Filter>Header Files\stubs</Filter>
    </ClInclude>
    <ClInclude Include="src\google\protobuf\stubs\mathutil.h">
      <Filter>Header Files\stubs</Filter>
    </ClInclude>
    <ClInclude Include="src\google\protobuf\stubs\macros.h">
      <Filter>Header Files\stubs</Filter>
    </ClInclude>
    <ClInclude Include="src\google\protobuf\stubs\map_util.h">
      <Filter>Header Files\stubs</Filter>
    </ClInclude>
    <ClInclude Include="src\google\protobuf\stubs\logging.h">
      <Filter>Header Files\stubs</Filter>
    </ClInclude>
    <ClInclude Include="src\google\protobuf\stubs\io_win32.h">
      <Filter>Header Files\stubs</Filter>
    </ClInclude>
    <ClInclude Include="src\google\protobuf\stubs\int128.h">
      <Filter>Header Files\stubs</Filter>
    </ClInclude>
    <ClInclude Include="src\google\protobuf\stubs\fastmem.h">
      <Filter>Header Files\stubs</Filter>
    </ClInclude>
    <ClInclude Include="src\google\protobuf\stubs\hash.h">
      <Filter>Header Files\stubs</Filter>
    </ClInclude>
    <ClInclude Include="src\google\protobuf\stubs\casts.h">
      <Filter>Header Files\stubs</Filter>
    </ClInclude>
    <ClInclude Include="src\google\protobuf\stubs\bytestream.h">
      <Filter>Header Files\stubs</Filter>
    </ClInclude>
    <ClInclude Include="src\google\protobuf\stubs\callback.h">
      <Filter>Header Files\stubs</Filter>
    </ClInclude>
    <ClInclude Include="src\google\protobuf\stubs\template_util.h">
      <Filter>Header Files\stubs</Filter>
    </ClInclude>
    <ClInclude Include="src\google\protobuf\stubs\common.h">
      <Filter>Header Files\stubs</Filter>
    </ClInclude>
    <ClInclude Include="src\google\protobuf\testing\file.h">
      <Filter>Header Files\testing</Filter>
    </ClInclude>
    <ClInclude Include="src\google\protobuf\util\internal\field_mask_utility.h">
      <Filter>Header Files\util</Filter>
    </ClInclude>
    <ClInclude Include="src\google\protobuf\util\internal\error_listener.h">
      <Filter>Header Files\util</Filter>
    </ClInclude>
    <ClInclude Include="src\google\protobuf\util\internal\default_value_objectwriter.h">
      <Filter>Header Files\util</Filter>
    </ClInclude>
    <ClInclude Include="src\google\protobuf\util\internal\datapiece.h">
      <Filter>Header Files\util</Filter>
    </ClInclude>
    <ClInclude Include="src\google\protobuf\util\internal\constants.h">
      <Filter>Header Files\util</Filter>
    </ClInclude>
    <ClInclude Include="src\google\protobuf\util\field_mask_util.h">
      <Filter>Header Files\util</Filter>
    </ClInclude>
    <ClInclude Include="src\google\protobuf\util\field_comparator.h">
      <Filter>Header Files\util</Filter>
    </ClInclude>
    <ClInclude Include="src\google\protobuf\util\delimited_message_util.h">
      <Filter>Header Files\util</Filter>
    </ClInclude>
    <ClInclude Include="src\google\protobuf\util\package_info.h">
      <Filter>Header Files\util</Filter>
    </ClInclude>
    <ClInclude Include="src\google\protobuf\util\type_resolver_util.h">
      <Filter>Header Files\util</Filter>
    </ClInclude>
    <ClInclude Include="src\google\protobuf\util\type_resolver.h">
      <Filter>Header Files\util</Filter>
    </ClInclude>
    <ClInclude Include="src\google\protobuf\util\time_util.h">
      <Filter>Header Files\util</Filter>
    </ClInclude>
    <ClInclude Include="src\google\protobuf\util\message_differencer.h">
      <Filter>Header Files\util</Filter>
    </ClInclude>
    <ClInclude Include="src\google\protobuf\util\json_util.h">
      <Filter>Header Files\util</Filter>
    </ClInclude>
    <ClInclude Include="src\google\protobuf\util\internal\utility.h">
      <Filter>Header Files\util</Filter>
    </ClInclude>
    <ClInclude Include="src\google\protobuf\util\internal\type_info_test_helper.h">
      <Filter>Header Files\util</Filter>
    </ClInclude>
    <ClInclude Include="src\google\protobuf\util\internal\type_info.h">
      <Filter>Header Files\util</Filter>
    </ClInclude>
    <ClInclude Include="src\google\protobuf\util\internal\structured_objectwriter.h">
      <Filter>Header Files\util</Filter>
    </ClInclude>
    <ClInclude Include="src\google\protobuf\util\internal\protostream_objectwriter.h">
      <Filter>Header Files\util</Filter>
    </ClInclude>
    <ClInclude Include="src\google\protobuf\util\internal\protostream_objectsource.h">
      <Filter>Header Files\util</Filter>
    </ClInclude>
    <ClInclude Include="src\google\protobuf\util\internal\proto_writer.h">
      <Filter>Header Files\util</Filter>
    </ClInclude>
    <ClInclude Include="src\google\protobuf\util\internal\object_writer.h">
      <Filter>Header Files\util</Filter>
    </ClInclude>
    <ClInclude Include="src\google\protobuf\util\internal\object_source.h">
      <Filter>Header Files\util</Filter>
    </ClInclude>
    <ClInclude Include="src\google\protobuf\util\internal\object_location_tracker.h">
      <Filter>Header Files\util</Filter>
    </ClInclude>
    <ClInclude Include="src\google\protobuf\util\internal\location_tracker.h">
      <Filter>Header Files\util</Filter>
    </ClInclude>
    <ClInclude Include="src\google\protobuf\util\internal\json_stream_parser.h">
      <Filter>Header Files\util</Filter>
    </ClInclude>
    <ClInclude Include="src\google\protobuf\util\internal\json_objectwriter.h">
      <Filter>Header Files\util</Filter>
    </ClInclude>
    <ClInclude Include="src\google\protobuf\util\internal\json_escaping.h">
      <Filter>Header Files\util</Filter>
    </ClInclude>
    <ClInclude Include="src\google\protobuf\unknown_field_set.h">
      <Filter>Header Files</Filter>
    </ClInclude>
    <ClInclude Include="src\google\protobuf\wire_format.h">
      <Filter>Header Files</Filter>
    </ClInclude>
    <ClInclude Include="src\google\protobuf\wire_format_lite.h">
      <Filter>Header Files</Filter>
    </ClInclude>
    <ClInclude Include="src\google\protobuf\wire_format_lite_inl.h">
      <Filter>Header Files</Filter>
    </ClInclude>
    <ClInclude Include="src\google\protobuf\wrappers.pb.h">
      <Filter>Header Files</Filter>
    </ClInclude>
    <ClInclude Include="src\google\protobuf\any.h">
      <Filter>Header Files</Filter>
    </ClInclude>
    <ClInclude Include="src\google\protobuf\any.pb.h">
      <Filter>Header Files</Filter>
    </ClInclude>
    <ClInclude Include="src\google\protobuf\api.pb.h">
      <Filter>Header Files</Filter>
    </ClInclude>
    <ClInclude Include="src\google\protobuf\arena.h">
      <Filter>Header Files</Filter>
    </ClInclude>
    <ClInclude Include="src\google\protobuf\arena_impl.h">
      <Filter>Header Files</Filter>
    </ClInclude>
    <ClInclude Include="src\google\protobuf\arena_test_util.h">
      <Filter>Header Files</Filter>
    </ClInclude>
    <ClInclude Include="src\google\protobuf\arenastring.h">
      <Filter>Header Files</Filter>
    </ClInclude>
    <ClInclude Include="src\google\protobuf\descriptor.h">
      <Filter>Header Files</Filter>
    </ClInclude>
    <ClInclude Include="src\google\protobuf\descriptor.pb.h">
      <Filter>Header Files</Filter>
    </ClInclude>
    <ClInclude Include="src\google\protobuf\descriptor_database.h">
      <Filter>Header Files</Filter>
    </ClInclude>
    <ClInclude Include="src\google\protobuf\duration.pb.h">
      <Filter>Header Files</Filter>
    </ClInclude>
    <ClInclude Include="src\google\protobuf\dynamic_message.h">
      <Filter>Header Files</Filter>
    </ClInclude>
    <ClInclude Include="src\google\protobuf\empty.pb.h">
      <Filter>Header Files</Filter>
    </ClInclude>
    <ClInclude Include="src\google\protobuf\extension_set.h">
      <Filter>Header Files</Filter>
    </ClInclude>
    <ClInclude Include="src\google\protobuf\field_mask.pb.h">
      <Filter>Header Files</Filter>
    </ClInclude>
    <ClInclude Include="src\google\protobuf\generated_enum_reflection.h">
      <Filter>Header Files</Filter>
    </ClInclude>
    <ClInclude Include="src\google\protobuf\generated_enum_util.h">
      <Filter>Header Files</Filter>
    </ClInclude>
    <ClInclude Include="src\google\protobuf\generated_message_reflection.h">
      <Filter>Header Files</Filter>
    </ClInclude>
    <ClInclude Include="src\google\protobuf\generated_message_table_driven.h">
      <Filter>Header Files</Filter>
    </ClInclude>
    <ClInclude Include="src\google\protobuf\generated_message_table_driven_lite.h">
      <Filter>Header Files</Filter>
    </ClInclude>
    <ClInclude Include="src\google\protobuf\generated_message_util.h">
      <Filter>Header Files</Filter>
    </ClInclude>
    <ClInclude Include="src\google\protobuf\has_bits.h">
      <Filter>Header Files</Filter>
    </ClInclude>
    <ClInclude Include="src\google\protobuf\implicit_weak_message.h">
      <Filter>Header Files</Filter>
    </ClInclude>
    <ClInclude Include="src\google\protobuf\inlined_string_field.h">
      <Filter>Header Files</Filter>
    </ClInclude>
    <ClInclude Include="src\google\protobuf\map.h">
      <Filter>Header Files</Filter>
    </ClInclude>
    <ClInclude Include="src\google\protobuf\map_entry.h">
      <Filter>Header Files</Filter>
    </ClInclude>
    <ClInclude Include="src\google\protobuf\map_entry_lite.h">
      <Filter>Header Files</Filter>
    </ClInclude>
    <ClInclude Include="src\google\protobuf\map_field.h">
      <Filter>Header Files</Filter>
    </ClInclude>
    <ClInclude Include="src\google\protobuf\map_field_inl.h">
      <Filter>Header Files</Filter>
    </ClInclude>
    <ClInclude Include="src\google\protobuf\map_field_lite.h">
      <Filter>Header Files</Filter>
    </ClInclude>
    <ClInclude Include="src\google\protobuf\map_test_util_impl.h">
      <Filter>Header Files</Filter>
    </ClInclude>
    <ClInclude Include="src\google\protobuf\map_type_handler.h">
      <Filter>Header Files</Filter>
    </ClInclude>
    <ClInclude Include="src\google\protobuf\message.h">
      <Filter>Header Files</Filter>
    </ClInclude>
    <ClInclude Include="src\google\protobuf\message_lite.h">
      <Filter>Header Files</Filter>
    </ClInclude>
    <ClInclude Include="src\google\protobuf\metadata.h">
      <Filter>Header Files</Filter>
    </ClInclude>
    <ClInclude Include="src\google\protobuf\metadata_lite.h">
      <Filter>Header Files</Filter>
    </ClInclude>
    <ClInclude Include="src\google\protobuf\package_info.h">
      <Filter>Header Files</Filter>
    </ClInclude>
    <ClInclude Include="src\google\protobuf\reflection.h">
      <Filter>Header Files</Filter>
    </ClInclude>
    <ClInclude Include="src\google\protobuf\reflection_internal.h">
      <Filter>Header Files</Filter>
    </ClInclude>
    <ClInclude Include="src\google\protobuf\reflection_ops.h">
      <Filter>Header Files</Filter>
    </ClInclude>
    <ClInclude Include="src\google\protobuf\repeated_field.h">
      <Filter>Header Files</Filter>
    </ClInclude>
    <ClInclude Include="src\google\protobuf\service.h">
      <Filter>Header Files</Filter>
    </ClInclude>
    <ClInclude Include="src\google\protobuf\source_context.pb.h">
      <Filter>Header Files</Filter>
    </ClInclude>
    <ClInclude Include="src\google\protobuf\struct.pb.h">
      <Filter>Header Files</Filter>
    </ClInclude>
    <ClInclude Include="src\google\protobuf\text_format.h">
      <Filter>Header Files</Filter>
    </ClInclude>
    <ClInclude Include="src\google\protobuf\timestamp.pb.h">
      <Filter>Header Files</Filter>
    </ClInclude>
    <ClInclude Include="src\google\protobuf\type.pb.h">
      <Filter>Header Files</Filter>
    </ClInclude>
  </ItemGroup>
  <ItemGroup>
    <ClCompile Include="src\google\protobuf\io\strtod.cc">
      <Filter>Source Files\io</Filter>
    </ClCompile>
    <ClCompile Include="src\google\protobuf\io\printer.cc">
      <Filter>Source Files\io</Filter>
    </ClCompile>
    <ClCompile Include="src\google\protobuf\io\gzip_stream.cc">
      <Filter>Source Files\io</Filter>
    </ClCompile>
    <ClCompile Include="src\google\protobuf\io\coded_stream.cc">
      <Filter>Source Files\io</Filter>
    </ClCompile>
    <ClCompile Include="src\google\protobuf\io\zero_copy_stream.cc">
      <Filter>Source Files\io</Filter>
    </ClCompile>
    <ClCompile Include="src\google\protobuf\io\zero_copy_stream_impl_lite.cc">
      <Filter>Source Files\io</Filter>
    </ClCompile>
    <ClCompile Include="src\google\protobuf\io\zero_copy_stream_impl.cc">
      <Filter>Source Files\io</Filter>
    </ClCompile>
    <ClCompile Include="src\google\protobuf\io\tokenizer.cc">
      <Filter>Source Files\io</Filter>
    </ClCompile>
    <ClCompile Include="src\google\protobuf\stubs\bytestream.cc">
      <Filter>Source Files\stubs</Filter>
    </ClCompile>
    <ClCompile Include="src\google\protobuf\stubs\status.cc">
      <Filter>Source Files\stubs</Filter>
    </ClCompile>
    <ClCompile Include="src\google\protobuf\stubs\common.cc">
      <Filter>Source Files\stubs</Filter>
    </ClCompile>
    <ClCompile Include="src\google\protobuf\stubs\time.cc">
      <Filter>Source Files\stubs</Filter>
    </ClCompile>
    <ClCompile Include="src\google\protobuf\stubs\substitute.cc">
      <Filter>Source Files\stubs</Filter>
    </ClCompile>
    <ClCompile Include="src\google\protobuf\stubs\strutil.cc">
      <Filter>Source Files\stubs</Filter>
    </ClCompile>
    <ClCompile Include="src\google\protobuf\stubs\structurally_valid.cc">
      <Filter>Source Files\stubs</Filter>
    </ClCompile>
    <ClCompile Include="src\google\protobuf\stubs\stringprintf.cc">
      <Filter>Source Files\stubs</Filter>
    </ClCompile>
    <ClCompile Include="src\google\protobuf\stubs\stringpiece.cc">
      <Filter>Source Files\stubs</Filter>
    </ClCompile>
    <ClCompile Include="src\google\protobuf\stubs\statusor.cc">
      <Filter>Source Files\stubs</Filter>
    </ClCompile>
    <ClCompile Include="src\google\protobuf\stubs\mathlimits.cc">
      <Filter>Source Files\stubs</Filter>
    </ClCompile>
    <ClCompile Include="src\google\protobuf\stubs\io_win32.cc">
      <Filter>Source Files\stubs</Filter>
    </ClCompile>
    <ClCompile Include="src\google\protobuf\stubs\int128.cc">
      <Filter>Source Files\stubs</Filter>
    </ClCompile>
    <ClCompile Include="src\google\protobuf\testing\file.cc">
      <Filter>Source Files\testing</Filter>
    </ClCompile>
    <ClCompile Include="src\google\protobuf\util\time_util.cc">
      <Filter>Source Files\util</Filter>
    </ClCompile>
    <ClCompile Include="src\google\protobuf\util\message_differencer.cc">
      <Filter>Source Files\util</Filter>
    </ClCompile>
    <ClCompile Include="src\google\protobuf\util\json_util.cc">
      <Filter>Source Files\util</Filter>
    </ClCompile>
    <ClCompile Include="src\google\protobuf\util\internal\utility.cc">
      <Filter>Source Files\util</Filter>
    </ClCompile>
    <ClCompile Include="src\google\protobuf\util\internal\type_info_test_helper.cc">
      <Filter>Source Files\util</Filter>
    </ClCompile>
    <ClCompile Include="src\google\protobuf\util\internal\type_info.cc">
      <Filter>Source Files\util</Filter>
    </ClCompile>
    <ClCompile Include="src\google\protobuf\util\internal\protostream_objectwriter.cc">
      <Filter>Source Files\util</Filter>
    </ClCompile>
    <ClCompile Include="src\google\protobuf\util\internal\protostream_objectsource.cc">
      <Filter>Source Files\util</Filter>
    </ClCompile>
    <ClCompile Include="src\google\protobuf\util\internal\proto_writer.cc">
      <Filter>Source Files\util</Filter>
    </ClCompile>
    <ClCompile Include="src\google\protobuf\util\internal\object_writer.cc">
      <Filter>Source Files\util</Filter>
    </ClCompile>
    <ClCompile Include="src\google\protobuf\util\internal\json_stream_parser.cc">
      <Filter>Source Files\util</Filter>
    </ClCompile>
    <ClCompile Include="src\google\protobuf\util\internal\json_objectwriter.cc">
      <Filter>Source Files\util</Filter>
    </ClCompile>
    <ClCompile Include="src\google\protobuf\util\internal\json_escaping.cc">
      <Filter>Source Files\util</Filter>
    </ClCompile>
    <ClCompile Include="src\google\protobuf\util\internal\field_mask_utility.cc">
      <Filter>Source Files\util</Filter>
    </ClCompile>
    <ClCompile Include="src\google\protobuf\util\internal\default_value_objectwriter.cc">
      <Filter>Source Files\util</Filter>
    </ClCompile>
    <ClCompile Include="src\google\protobuf\util\internal\datapiece.cc">
      <Filter>Source Files\util</Filter>
    </ClCompile>
    <ClCompile Include="src\google\protobuf\util\field_mask_util.cc">
      <Filter>Source Files\util</Filter>
    </ClCompile>
    <ClCompile Include="src\google\protobuf\util\field_comparator.cc">
      <Filter>Source Files\util</Filter>
    </ClCompile>
    <ClCompile Include="src\google\protobuf\util\delimited_message_util.cc">
      <Filter>Source Files\util</Filter>
    </ClCompile>
    <ClCompile Include="src\google\protobuf\util\internal\error_listener.cc">
      <Filter>Source Files\util</Filter>
    </ClCompile>
    <ClCompile Include="src\google\protobuf\util\type_resolver_util.cc">
      <Filter>Source Files\util</Filter>
    </ClCompile>
    <ClCompile Include="src\google\protobuf\wire_format.cc">
      <Filter>Source Files</Filter>
    </ClCompile>
    <ClCompile Include="src\google\protobuf\wire_format_lite.cc">
      <Filter>Source Files</Filter>
    </ClCompile>
    <ClCompile Include="src\google\protobuf\wrappers.pb.cc">
      <Filter>Source Files</Filter>
    </ClCompile>
    <ClCompile Include="src\google\protobuf\any.cc">
      <Filter>Source Files</Filter>
    </ClCompile>
    <ClCompile Include="src\google\protobuf\any.pb.cc">
      <Filter>Source Files</Filter>
    </ClCompile>
    <ClCompile Include="src\google\protobuf\api.pb.cc">
      <Filter>Source Files</Filter>
    </ClCompile>
    <ClCompile Include="src\google\protobuf\arena.cc">
      <Filter>Source Files</Filter>
    </ClCompile>
    <ClCompile Include="src\google\protobuf\arena_test_util.cc">
      <Filter>Source Files</Filter>
    </ClCompile>
    <ClCompile Include="src\google\protobuf\arenastring.cc">
      <Filter>Source Files</Filter>
    </ClCompile>
    <ClCompile Include="src\google\protobuf\descriptor.cc">
      <Filter>Source Files</Filter>
    </ClCompile>
    <ClCompile Include="src\google\protobuf\descriptor.pb.cc">
      <Filter>Source Files</Filter>
    </ClCompile>
    <ClCompile Include="src\google\protobuf\descriptor_database.cc">
      <Filter>Source Files</Filter>
    </ClCompile>
    <ClCompile Include="src\google\protobuf\duration.pb.cc">
      <Filter>Source Files</Filter>
    </ClCompile>
    <ClCompile Include="src\google\protobuf\dynamic_message.cc">
      <Filter>Source Files</Filter>
    </ClCompile>
    <ClCompile Include="src\google\protobuf\empty.pb.cc">
      <Filter>Source Files</Filter>
    </ClCompile>
    <ClCompile Include="src\google\protobuf\extension_set.cc">
      <Filter>Source Files</Filter>
    </ClCompile>
    <ClCompile Include="src\google\protobuf\extension_set_heavy.cc">
      <Filter>Source Files</Filter>
    </ClCompile>
    <ClCompile Include="src\google\protobuf\field_mask.pb.cc">
      <Filter>Source Files</Filter>
    </ClCompile>
    <ClCompile Include="src\google\protobuf\generated_message_reflection.cc">
      <Filter>Source Files</Filter>
    </ClCompile>
    <ClCompile Include="src\google\protobuf\generated_message_table_driven.cc">
      <Filter>Source Files</Filter>
    </ClCompile>
    <ClCompile Include="src\google\protobuf\generated_message_table_driven_lite.cc">
      <Filter>Source Files</Filter>
    </ClCompile>
    <ClCompile Include="src\google\protobuf\generated_message_util.cc">
      <Filter>Source Files</Filter>
    </ClCompile>
    <ClCompile Include="src\google\protobuf\implicit_weak_message.cc">
      <Filter>Source Files</Filter>
    </ClCompile>
    <ClCompile Include="src\google\protobuf\map_field.cc">
      <Filter>Source Files</Filter>
    </ClCompile>
    <ClCompile Include="src\google\protobuf\message.cc">
      <Filter>Source Files</Filter>
    </ClCompile>
    <ClCompile Include="src\google\protobuf\message_lite.cc">
      <Filter>Source Files</Filter>
    </ClCompile>
    <ClCompile Include="src\google\protobuf\reflection_ops.cc">
      <Filter>Source Files</Filter>
    </ClCompile>
    <ClCompile Include="src\google\protobuf\repeated_field.cc">
      <Filter>Source Files</Filter>
    </ClCompile>
    <ClCompile Include="src\google\protobuf\service.cc">
      <Filter>Source Files</Filter>
    </ClCompile>
    <ClCompile Include="src\google\protobuf\source_context.pb.cc">
      <Filter>Source Files</Filter>
    </ClCompile>
    <ClCompile Include="src\google\protobuf\struct.pb.cc">
      <Filter>Source Files</Filter>
    </ClCompile>
    <ClCompile Include="src\google\protobuf\text_format.cc">
      <Filter>Source Files</Filter>
    </ClCompile>
    <ClCompile Include="src\google\protobuf\timestamp.pb.cc">
      <Filter>Source Files</Filter>
    </ClCompile>
    <ClCompile Include="src\google\protobuf\type.pb.cc">
      <Filter>Source Files</Filter>
    </ClCompile>
    <ClCompile Include="src\google\protobuf\unknown_field_set.cc">
      <Filter>Source Files</Filter>
    </ClCompile>
  </ItemGroup>
</Project>