<?xml version="1.0" encoding="utf-8"?>
<Project ToolsVersion="4.0" xmlns="http://schemas.microsoft.com/developer/msbuild/2003">
  <ItemGroup>
    <ClCompile Include="generated\cpp\command.pb.cc" />
    <ClCompile Include="generated\cpp\error.pb.cc" />
    <ClCompile Include="generated\cpp\event.pb.cc" />
    <ClCompile Include="generated\cpp\game.pb.cc" />
    <ClCompile Include="generated\cpp\init.pb.cc" />
    <ClCompile Include="generated\cpp\message.pb.cc" />
    <ClCompile Include="generated\cpp\data.pb.cc" />
  </ItemGroup>
  <ItemGroup>
    <ClInclude Include="generated\cpp\command.pb.h" />
    <ClInclude Include="generated\cpp\error.pb.h" />
    <ClInclude Include="generated\cpp\event.pb.h" />
    <ClInclude Include="generated\cpp\game.pb.h" />
    <ClInclude Include="generated\cpp\init.pb.h" />
    <ClInclude Include="generated\cpp\message.pb.h" />
    <ClInclude Include="generated\cpp\data.pb.h" />
  </ItemGroup>
  <ItemGroup>
    <None Include="command.proto" />
    <None Include="data.proto" />
    <None Include="error.proto" />
    <None Include="event.proto" />
    <None Include="game.proto" />
    <None Include="init.proto" />
    <None Include="message.proto" />
  </ItemGroup>
</Project>