<?xml version="1.0" encoding="utf-8"?>
<Project ToolsVersion="4.0" xmlns="http://schemas.microsoft.com/developer/msbuild/2003">
  <ItemGroup>
    <ClCompile Include="Source\TestAIClient.cpp" />
    <ClCompile Include="Source\TestMap1.cpp">
      <Filter>Source Files</Filter>
    </ClCompile>
    <ClCompile Include="Source\BWAssert.cpp">
      <Filter>Source Files</Filter>
    </ClCompile>
  </ItemGroup>
  <ItemGroup>
    <ClInclude Include="Source\DefaultTestModule.h">
      <Filter>Header Files</Filter>
    </ClInclude>
    <ClInclude Include="Source\TestMap1.h">
      <Filter>Header Files</Filter>
    </ClInclude>
    <ClInclude Include="Source\BWAssert.h">
      <Filter>Header Files</Filter>
    </ClInclude>
    <ClInclude Include="Source\Globals.h">
      <Filter>Header Files</Filter>
    </ClInclude>
  </ItemGroup>
  <ItemGroup>
    <Filter Include="Header Files">
      <UniqueIdentifier>{18e941ec-c843-486f-b665-f0964893f64b}</UniqueIdentifier>
    </Filter>
    <Filter Include="Source Files">
      <UniqueIdentifier>{20568598-f9ab-4762-a48b-1090f1d411b7}</UniqueIdentifier>
    </Filter>
    <Filter Include="Header Files\Old">
      <UniqueIdentifier>{c6c2a08b-9227-49be-ae77-b3d39b22cf5d}</UniqueIdentifier>
    </Filter>
    <Filter Include="Source Files\Old">
      <UniqueIdentifier>{989cfa8c-7ec4-4c7b-a91d-7ecf0d8676b8}</UniqueIdentifier>
    </Filter>
  </ItemGroup>
</Project>