<?xml version="1.0" encoding="utf-8"?>
<Project ToolsVersion="4.0" xmlns="http://schemas.microsoft.com/developer/msbuild/2003">
  <ItemGroup>
    <ClCompile Include="Source\Dll.cpp" />
    <ClCompile Include="Source\DefaultTestModule.cpp">
      <Filter>Source Files</Filter>
    </ClCompile>
    <ClCompile Include="Source\AttackMoveTest.cpp">
      <Filter>Source Files\Old</Filter>
    </ClCompile>
    <ClCompile Include="Source\ZergTest.cpp">
      <Filter>Source Files\Old</Filter>
    </ClCompile>
    <ClCompile Include="Source\AttackUnitTest.cpp">
      <Filter>Source Files\Old</Filter>
    </ClCompile>
    <ClCompile Include="Source\BuildingPlacer.cpp">
      <Filter>Source Files\Old</Filter>
    </ClCompile>
    <ClCompile Include="Source\BuildTest.cpp">
      <Filter>Source Files\Old</Filter>
    </ClCompile>
    <ClCompile Include="Source\BurrowTest.cpp">
      <Filter>Source Files\Old</Filter>
    </ClCompile>
    <ClCompile Include="Source\BWAssert.cpp">
      <Filter>Source Files\Old</Filter>
    </ClCompile>
    <ClCompile Include="Source\CancelConstructionTest.cpp">
      <Filter>Source Files\Old</Filter>
    </ClCompile>
    <ClCompile Include="Source\CancelMorphTest.cpp">
      <Filter>Source Files\Old</Filter>
    </ClCompile>
    <ClCompile Include="Source\CancelResearchTest.cpp">
      <Filter>Source Files\Old</Filter>
    </ClCompile>
    <ClCompile Include="Source\CancelTrainTest.cpp">
      <Filter>Source Files\Old</Filter>
    </ClCompile>
    <ClCompile Include="Source\CancelUpgradeTest.cpp">
      <Filter>Source Files\Old</Filter>
    </ClCompile>
    <ClCompile Include="Source\CloakTest.cpp">
      <Filter>Source Files\Old</Filter>
    </ClCompile>
    <ClCompile Include="Source\EventTest.cpp">
      <Filter>Source Files\Old</Filter>
    </ClCompile>
    <ClCompile Include="Source\ExistenceTest.cpp">
      <Filter>Source Files\Old</Filter>
    </ClCompile>
    <ClCompile Include="Source\FollowTest.cpp">
      <Filter>Source Files\Old</Filter>
    </ClCompile>
    <ClCompile Include="Source\GatherTest.cpp">
      <Filter>Source Files\Old</Filter>
    </ClCompile>
    <ClCompile Include="Source\InterceptorTest.cpp">
      <Filter>Source Files\Old</Filter>
    </ClCompile>
    <ClCompile Include="Source\LiftTest.cpp">
      <Filter>Source Files\Old</Filter>
    </ClCompile>
    <ClCompile Include="Source\MapTest.cpp">
      <Filter>Source Files\Old</Filter>
    </ClCompile>
    <ClCompile Include="Source\MicroTest.cpp">
      <Filter>Source Files\Old</Filter>
    </ClCompile>
    <ClCompile Include="Source\MorphTest.cpp">
      <Filter>Source Files\Old</Filter>
    </ClCompile>
    <ClCompile Include="Source\MPHSTest.cpp">
      <Filter>Source Files\Old</Filter>
    </ClCompile>
    <ClCompile Include="Source\ProtossTest.cpp">
      <Filter>Source Files\Old</Filter>
    </ClCompile>
    <ClCompile Include="Source\RallyTest.cpp">
      <Filter>Source Files\Old</Filter>
    </ClCompile>
    <ClCompile Include="Source\RepairTest.cpp">
      <Filter>Source Files\Old</Filter>
    </ClCompile>
    <ClCompile Include="Source\ResearchTest.cpp">
      <Filter>Source Files\Old</Filter>
    </ClCompile>
    <ClCompile Include="Source\RightClickTest.cpp">
      <Filter>Source Files\Old</Filter>
    </ClCompile>
    <ClCompile Include="Source\SiegeTest.cpp">
      <Filter>Source Files\Old</Filter>
    </ClCompile>
    <ClCompile Include="Source\TerranTest.cpp">
      <Filter>Source Files\Old</Filter>
    </ClCompile>
    <ClCompile Include="Source\TestMap1.cpp">
      <Filter>Source Files\Old</Filter>
    </ClCompile>
    <ClCompile Include="Source\TestModule.cpp">
      <Filter>Source Files\Old</Filter>
    </ClCompile>
    <ClCompile Include="Source\TrainTest.cpp">
      <Filter>Source Files\Old</Filter>
    </ClCompile>
    <ClCompile Include="Source\TransportTest.cpp">
      <Filter>Source Files\Old</Filter>
    </ClCompile>
    <ClCompile Include="Source\UpgradeTest.cpp">
      <Filter>Source Files\Old</Filter>
    </ClCompile>
    <ClCompile Include="Source\UseTechTest.cpp">
      <Filter>Source Files\Old</Filter>
    </ClCompile>
  </ItemGroup>
  <ItemGroup>
    <ClInclude Include="Source\DefaultTestModule.h">
      <Filter>Header Files</Filter>
    </ClInclude>
    <ClInclude Include="Source\AttackMoveTest.h">
      <Filter>Header Files\Old</Filter>
    </ClInclude>
    <ClInclude Include="Source\ZergTest.h">
      <Filter>Header Files\Old</Filter>
    </ClInclude>
    <ClInclude Include="Source\AttackUnitTest.h">
      <Filter>Header Files\Old</Filter>
    </ClInclude>
    <ClInclude Include="Source\BuildingPlacer.h">
      <Filter>Header Files\Old</Filter>
    </ClInclude>
    <ClInclude Include="Source\BuildTest.h">
      <Filter>Header Files\Old</Filter>
    </ClInclude>
    <ClInclude Include="Source\BurrowTest.h">
      <Filter>Header Files\Old</Filter>
    </ClInclude>
    <ClInclude Include="Source\BWAssert.h">
      <Filter>Header Files\Old</Filter>
    </ClInclude>
    <ClInclude Include="Source\CancelConstructionTest.h">
      <Filter>Header Files\Old</Filter>
    </ClInclude>
    <ClInclude Include="Source\CancelMorphTest.h">
      <Filter>Header Files\Old</Filter>
    </ClInclude>
    <ClInclude Include="Source\CancelResearchTest.h">
      <Filter>Header Files\Old</Filter>
    </ClInclude>
    <ClInclude Include="Source\CancelTrainTest.h">
      <Filter>Header Files\Old</Filter>
    </ClInclude>
    <ClInclude Include="Source\CancelUpgradeTest.h">
      <Filter>Header Files\Old</Filter>
    </ClInclude>
    <ClInclude Include="Source\CloakTest.h">
      <Filter>Header Files\Old</Filter>
    </ClInclude>
    <ClInclude Include="Source\EventTest.h">
      <Filter>Header Files\Old</Filter>
    </ClInclude>
    <ClInclude Include="Source\ExistenceTest.h">
      <Filter>Header Files\Old</Filter>
    </ClInclude>
    <ClInclude Include="Source\FollowTest.h">
      <Filter>Header Files\Old</Filter>
    </ClInclude>
    <ClInclude Include="Source\GatherTest.h">
      <Filter>Header Files\Old</Filter>
    </ClInclude>
    <ClInclude Include="Source\InterceptorTest.h">
      <Filter>Header Files\Old</Filter>
    </ClInclude>
    <ClInclude Include="Source\LiftTest.h">
      <Filter>Header Files\Old</Filter>
    </ClInclude>
    <ClInclude Include="Source\MapTest.h">
      <Filter>Header Files\Old</Filter>
    </ClInclude>
    <ClInclude Include="Source\MicroTest.h">
      <Filter>Header Files\Old</Filter>
    </ClInclude>
    <ClInclude Include="Source\MorphTest.h">
      <Filter>Header Files\Old</Filter>
    </ClInclude>
    <ClInclude Include="Source\MPHSTest.h">
      <Filter>Header Files\Old</Filter>
    </ClInclude>
    <ClInclude Include="Source\ProtossTest.h">
      <Filter>Header Files\Old</Filter>
    </ClInclude>
    <ClInclude Include="Source\RallyTest.h">
      <Filter>Header Files\Old</Filter>
    </ClInclude>
    <ClInclude Include="Source\RepairTest.h">
      <Filter>Header Files\Old</Filter>
    </ClInclude>
    <ClInclude Include="Source\ResearchTest.h">
      <Filter>Header Files\Old</Filter>
    </ClInclude>
    <ClInclude Include="Source\RightClickTest.h">
      <Filter>Header Files\Old</Filter>
    </ClInclude>
    <ClInclude Include="Source\SiegeTest.h">
      <Filter>Header Files\Old</Filter>
    </ClInclude>
    <ClInclude Include="Source\TerranTest.h">
      <Filter>Header Files\Old</Filter>
    </ClInclude>
    <ClInclude Include="Source\TestCase.h">
      <Filter>Header Files\Old</Filter>
    </ClInclude>
    <ClInclude Include="Source\TestMap1.h">
      <Filter>Header Files\Old</Filter>
    </ClInclude>
    <ClInclude Include="Source\TestModule.h">
      <Filter>Header Files\Old</Filter>
    </ClInclude>
    <ClInclude Include="Source\TrainTest.h">
      <Filter>Header Files\Old</Filter>
    </ClInclude>
    <ClInclude Include="Source\TransportTest.h">
      <Filter>Header Files\Old</Filter>
    </ClInclude>
    <ClInclude Include="Source\UpgradeTest.h">
      <Filter>Header Files\Old</Filter>
    </ClInclude>
    <ClInclude Include="Source\UseTechTest.h">
      <Filter>Header Files\Old</Filter>
    </ClInclude>
  </ItemGroup>
  <ItemGroup>
    <Filter Include="Header Files">
      <UniqueIdentifier>{18e941ec-c843-486f-b665-f0964893f64b}</UniqueIdentifier>
    </Filter>
    <Filter Include="Source Files">
      <UniqueIdentifier>{20568598-f9ab-4762-a48b-1090f1d411b7}</UniqueIdentifier>
    </Filter>
    <Filter Include="Header Files\Old">
      <UniqueIdentifier>{c6c2a08b-9227-49be-ae77-b3d39b22cf5d}</UniqueIdentifier>
    </Filter>
    <Filter Include="Source Files\Old">
      <UniqueIdentifier>{989cfa8c-7ec4-4c7b-a91d-7ecf0d8676b8}</UniqueIdentifier>
    </Filter>
  </ItemGroup>
</Project>