<?xml version="1.0" encoding="utf-8"?>
<Project ToolsVersion="4.0" xmlns="http://schemas.microsoft.com/developer/msbuild/2003">
  <ItemGroup>
    <Filter Include="SNP">
      <UniqueIdentifier>{0f3f0512-ea7c-4e8d-a33b-42cacd5113d6}</UniqueIdentifier>
    </Filter>
    <Filter Include="DirectIP">
      <UniqueIdentifier>{921f88d3-2e1a-4cd1-b25d-7a62b3357722}</UniqueIdentifier>
    </Filter>
    <Filter Include="LocalPC">
      <UniqueIdentifier>{eef107c6-54b1-438d-82b8-83d03c05cfd4}</UniqueIdentifier>
    </Filter>
    <Filter Include="Util">
      <UniqueIdentifier>{574e7861-8372-4e5d-920e-1b646acd2238}</UniqueIdentifier>
    </Filter>
  </ItemGroup>
  <ItemGroup>
    <ClCompile Include="SNP\CriticalSection.cpp">
      <Filter>SNP</Filter>
    </ClCompile>
    <ClCompile Include="SNP\SNPModule.cpp">
      <Filter>SNP</Filter>
    </ClCompile>
    <ClCompile Include="SNP\DirectIP.cpp">
      <Filter>DirectIP</Filter>
    </ClCompile>
    <ClCompile Include="SNP\SettingsDialog.cpp">
      <Filter>DirectIP</Filter>
    </ClCompile>
    <ClCompile Include="SNP\UDPSocket.cpp">
      <Filter>DirectIP</Filter>
    </ClCompile>
    <ClCompile Include="SNP\LocalPC.cpp">
      <Filter>LocalPC</Filter>
    </ClCompile>
    <ClCompile Include="SNP\Output.cpp" />
    <ClCompile Include="SNP\DLLMain.cpp" />
    <ClCompile Include="Util\Exceptions.cpp">
      <Filter>Util</Filter>
    </ClCompile>
    <ClCompile Include="Util\MemoryFrame.cpp">
      <Filter>Util</Filter>
    </ClCompile>
    <ClCompile Include="Util\Mutex.cpp">
      <Filter>Util</Filter>
    </ClCompile>
    <ClCompile Include="Util\RemoteProcess.cpp">
      <Filter>Util</Filter>
    </ClCompile>
    <ClCompile Include="Util\SharedMemory.cpp">
      <Filter>Util</Filter>
    </ClCompile>
  </ItemGroup>
  <ItemGroup>
    <ClInclude Include="SNP\CriticalSection.h">
      <Filter>SNP</Filter>
    </ClInclude>
    <ClInclude Include="SNP\SNPModule.h">
      <Filter>SNP</Filter>
    </ClInclude>
    <ClInclude Include="SNP\SNPNetwork.h">
      <Filter>SNP</Filter>
    </ClInclude>
    <ClInclude Include="SNP\DirectIP.h">
      <Filter>DirectIP</Filter>
    </ClInclude>
    <ClInclude Include="SNP\resource.h">
      <Filter>DirectIP</Filter>
    </ClInclude>
    <ClInclude Include="SNP\SettingsDialog.h">
      <Filter>DirectIP</Filter>
    </ClInclude>
    <ClInclude Include="SNP\UDPSocket.h">
      <Filter>DirectIP</Filter>
    </ClInclude>
    <ClInclude Include="SNP\LocalPC.h">
      <Filter>LocalPC</Filter>
    </ClInclude>
    <ClInclude Include="SNP\Output.h" />
    <ClInclude Include="Util\Exceptions.h">
      <Filter>Util</Filter>
    </ClInclude>
    <ClInclude Include="Util\MemoryFrame.h">
      <Filter>Util</Filter>
    </ClInclude>
    <ClInclude Include="Util\Mutex.h">
      <Filter>Util</Filter>
    </ClInclude>
    <ClInclude Include="Util\RemoteProcess.h">
      <Filter>Util</Filter>
    </ClInclude>
    <ClInclude Include="Util\RemoteProcessID.h">
      <Filter>Util</Filter>
    </ClInclude>
    <ClInclude Include="Util\SharedMemory.h">
      <Filter>Util</Filter>
    </ClInclude>
    <ClInclude Include="Util\SharedStructure.h">
      <Filter>Util</Filter>
    </ClInclude>
    <ClInclude Include="Util\Types.h">
      <Filter>Util</Filter>
    </ClInclude>
  </ItemGroup>
  <ItemGroup>
    <ResourceCompile Include="SNP\UI.rc">
      <Filter>DirectIP</Filter>
    </ResourceCompile>
  </ItemGroup>
  <ItemGroup>
    <None Include="SNP\SNPModule.def" />
    <None Include="README.md" />
  </ItemGroup>
</Project>