<?xml version="1.0" encoding="utf-8"?>
<Project ToolsVersion="4.0" xmlns="http://schemas.microsoft.com/developer/msbuild/2003">
  <ItemGroup>
    <Filter Include="Source Files">
      <UniqueIdentifier>{4FC737F1-C7A5-4376-A066-2A32D752A2FF}</UniqueIdentifier>
      <Extensions>cpp;c;cc;cxx;def;odl;idl;hpj;bat;asm;asmx</Extensions>
    </Filter>
    <Filter Include="Header Files">
      <UniqueIdentifier>{93995380-89BD-4b04-88EB-625FBE52EBFB}</UniqueIdentifier>
      <Extensions>h;hpp;hxx;hm;inl;inc;xsd</Extensions>
    </Filter>
    <Filter Include="Resource Files">
      <UniqueIdentifier>{67DA6AB6-F800-4c08-8B7A-83BB121AAD01}</UniqueIdentifier>
      <Extensions>rc;ico;cur;bmp;dlg;rc2;rct;bin;rgs;gif;jpg;jpeg;jpe;resx;tiff;tif;png;wav</Extensions>
    </Filter>
  </ItemGroup>
  <ItemGroup>
    <ClCompile Include="Source\AIModule.cpp">
      <Filter>Source Files</Filter>
    </ClCompile>
    <ClCompile Include="Source\BulletType.cpp">
      <Filter>Source Files</Filter>
    </ClCompile>
    <ClCompile Include="Source\BWAPI.cpp">
      <Filter>Source Files</Filter>
    </ClCompile>
    <ClCompile Include="Source\Color.cpp">
      <Filter>Source Files</Filter>
    </ClCompile>
    <ClCompile Include="Source\Common.cpp">
      <Filter>Source Files</Filter>
    </ClCompile>
    <ClCompile Include="Source\DamageType.cpp">
      <Filter>Source Files</Filter>
    </ClCompile>
    <ClCompile Include="Source\Error.cpp">
      <Filter>Source Files</Filter>
    </ClCompile>
    <ClCompile Include="Source\Event.cpp">
      <Filter>Source Files</Filter>
    </ClCompile>
    <ClCompile Include="Source\ExplosionType.cpp">
      <Filter>Source Files</Filter>
    </ClCompile>
    <ClCompile Include="Source\GameType.cpp">
      <Filter>Source Files</Filter>
    </ClCompile>
    <ClCompile Include="Source\Order.cpp">
      <Filter>Source Files</Filter>
    </ClCompile>
    <ClCompile Include="Source\PlayerType.cpp">
      <Filter>Source Files</Filter>
    </ClCompile>
    <ClCompile Include="Source\Position.cpp">
      <Filter>Source Files</Filter>
    </ClCompile>
    <ClCompile Include="Source\Race.cpp">
      <Filter>Source Files</Filter>
    </ClCompile>
    <ClCompile Include="Source\TechType.cpp">
      <Filter>Source Files</Filter>
    </ClCompile>
    <ClCompile Include="Source\TilePosition.cpp">
      <Filter>Source Files</Filter>
    </ClCompile>
    <ClCompile Include="Source\Type.cpp">
      <Filter>Source Files</Filter>
    </ClCompile>
    <ClCompile Include="UnitCommand.cpp">
      <Filter>Source Files</Filter>
    </ClCompile>
    <ClCompile Include="Source\UnitCommandType.cpp">
      <Filter>Source Files</Filter>
    </ClCompile>
    <ClCompile Include="Source\UnitSizeType.cpp">
      <Filter>Source Files</Filter>
    </ClCompile>
    <ClCompile Include="Source\UnitType.cpp">
      <Filter>Source Files</Filter>
    </ClCompile>
    <ClCompile Include="Source\UpgradeType.cpp">
      <Filter>Source Files</Filter>
    </ClCompile>
    <ClCompile Include="Source\WeaponType.cpp">
      <Filter>Source Files</Filter>
    </ClCompile>
  </ItemGroup>
  <ItemGroup>
    <ClInclude Include="..\include\BWAPI\AIModule.h">
      <Filter>Header Files</Filter>
    </ClInclude>
    <ClInclude Include="..\include\BWAPI\BulletType.h">
      <Filter>Header Files</Filter>
    </ClInclude>
    <ClInclude Include="..\include\BWAPI\Color.h">
      <Filter>Header Files</Filter>
    </ClInclude>
    <ClInclude Include="Source\Common.h">
      <Filter>Header Files</Filter>
    </ClInclude>
    <ClInclude Include="..\include\BWAPI\DamageType.h">
      <Filter>Header Files</Filter>
    </ClInclude>
    <ClInclude Include="..\include\BWAPI\Error.h">
      <Filter>Header Files</Filter>
    </ClInclude>
    <ClInclude Include="..\include\BWAPI\Event.h">
      <Filter>Header Files</Filter>
    </ClInclude>
    <ClInclude Include="..\include\BWAPI\EventType.h">
      <Filter>Header Files</Filter>
    </ClInclude>
    <ClInclude Include="..\include\BWAPI\ExplosionType.h">
      <Filter>Header Files</Filter>
    </ClInclude>
    <ClInclude Include="..\include\BWAPI\Flag.h">
      <Filter>Header Files</Filter>
    </ClInclude>
    <ClInclude Include="..\include\BWAPI\GameType.h">
      <Filter>Header Files</Filter>
    </ClInclude>
    <ClInclude Include="..\include\BWAPI\Input.h">
      <Filter>Header Files</Filter>
    </ClInclude>
    <ClInclude Include="..\include\BWAPI\Order.h">
      <Filter>Header Files</Filter>
    </ClInclude>
    <ClInclude Include="..\include\BWAPI\PlayerType.h">
      <Filter>Header Files</Filter>
    </ClInclude>
    <ClInclude Include="..\include\BWAPI\Position.h">
      <Filter>Header Files</Filter>
    </ClInclude>
    <ClInclude Include="..\include\BWAPI\Race.h">
      <Filter>Header Files</Filter>
    </ClInclude>
    <ClInclude Include="..\include\BWAPI\TechType.h">
      <Filter>Header Files</Filter>
    </ClInclude>
    <ClInclude Include="..\include\BWAPI\TilePosition.h">
      <Filter>Header Files</Filter>
    </ClInclude>
    <ClInclude Include="..\include\BWAPI\TournamentAction.h">
      <Filter>Header Files</Filter>
    </ClInclude>
    <ClInclude Include="..\include\BWAPI\Type.h">
      <Filter>Header Files</Filter>
    </ClInclude>
    <ClInclude Include="..\include\BWAPI\UnitCommand.h">
      <Filter>Header Files</Filter>
    </ClInclude>
    <ClInclude Include="..\include\BWAPI\UnitCommandType.h">
      <Filter>Header Files</Filter>
    </ClInclude>
    <ClInclude Include="..\include\BWAPI\UnitSizeType.h">
      <Filter>Header Files</Filter>
    </ClInclude>
    <ClInclude Include="..\include\BWAPI\UnitType.h">
      <Filter>Header Files</Filter>
    </ClInclude>
    <ClInclude Include="..\include\BWAPI\UpgradeType.h">
      <Filter>Header Files</Filter>
    </ClInclude>
    <ClInclude Include="..\include\BWAPI\WeaponType.h">
      <Filter>Header Files</Filter>
    </ClInclude>
  </ItemGroup>
</Project>