<?xml version="1.0" encoding="UTF-8" standalone="yes" ?>
<CodeBlocks_project_file>
	<FileVersion major="1" minor="6" />
	<Project>
		<Option title="BWAPILIB" />
		<Option pch_mode="2" />
		<Option compiler="gcc" />
		<Build>
			<Target title="Release">
				<Option output="..\Release\libBWAPI" prefix_auto="1" extension_auto="1" />
				<Option working_dir="" />
				<Option object_output="Release\" />
				<Option type="2" />
				<Option compiler="gcc" />
				<Option createDefFile="1" />
				<Compiler>
					<Add option="-O2" />
					<Add directory="..\include" />
				</Compiler>
				<Linker>
					<Add option="-s" />
				</Linker>
			</Target>
		</Build>
		<Compiler>
			<Add option="-Wall" />
		</Compiler>
		<Unit filename="Source\AIModule.cpp" />
		<Unit filename="Source\BWAPI.cpp" />
		<Unit filename="Source\Order.cpp" />
		<Unit filename="Source\PlayerType.cpp" />
		<Unit filename="Source\Position.cpp" />
		<Unit filename="Source\Race.cpp" />
		<Unit filename="Source\TechType.cpp" />
		<Unit filename="Source\TilePosition.cpp" />
		<Unit filename="Source\UnitType.cpp" />
		<Unit filename="Source\UpgradeType.cpp" />
		<Extensions>
			<code_completion />
			<debugger />
		</Extensions>
	</Project>
</CodeBlocks_project_file>
