<?xml version="1.0" encoding="utf-8"?>
<Project ToolsVersion="4.0" xmlns="http://schemas.microsoft.com/developer/msbuild/2003">
  <ItemGroup>
    <Filter Include="Header Files">
      <UniqueIdentifier>{a44647e0-d6ab-4bca-ac1c-7c4f3e56c988}</UniqueIdentifier>
    </Filter>
    <Filter Include="Source Files">
      <UniqueIdentifier>{89708ccd-f88f-4cda-bd88-a8c25d2d2d3a}</UniqueIdentifier>
    </Filter>
    <Filter Include="Resource Files">
      <UniqueIdentifier>{519a974c-4a2c-4ac0-ae12-4617d57389ae}</UniqueIdentifier>
    </Filter>
  </ItemGroup>
  <ItemGroup>
    <None Include="README.md" />
    <None Include="QDPlugin.def">
      <Filter>Resource Files</Filter>
    </None>
  </ItemGroup>
  <ItemGroup>
    <ClCompile Include="src\chaoslauncher.cpp">
      <Filter>Source Files</Filter>
    </ClCompile>
    <ClCompile Include="src\common.cpp">
      <Filter>Source Files</Filter>
    </ClCompile>
    <ClCompile Include="src\config.cpp">
      <Filter>Source Files</Filter>
    </ClCompile>
    <ClCompile Include="src\main.cpp">
      <Filter>Source Files</Filter>
    </ClCompile>
    <ClCompile Include="src\mpqdraft.cpp">
      <Filter>Source Files</Filter>
    </ClCompile>
    <ClCompile Include="src\remotethread.cpp">
      <Filter>Source Files</Filter>
    </ClCompile>
    <ClCompile Include="src\valloc.cpp">
      <Filter>Source Files</Filter>
    </ClCompile>
  </ItemGroup>
  <ItemGroup>
    <ClInclude Include="src\chaoslauncher.h">
      <Filter>Header Files</Filter>
    </ClInclude>
    <ClInclude Include="src\common.h">
      <Filter>Header Files</Filter>
    </ClInclude>
    <ClInclude Include="src\config.h">
      <Filter>Header Files</Filter>
    </ClInclude>
    <ClInclude Include="src\main.h">
      <Filter>Header Files</Filter>
    </ClInclude>
    <ClInclude Include="src\mpqdraft.h">
      <Filter>Header Files</Filter>
    </ClInclude>
    <ClInclude Include="src\QDPlugin.h">
      <Filter>Header Files</Filter>
    </ClInclude>
    <ClInclude Include="src\remotethread.h">
      <Filter>Header Files</Filter>
    </ClInclude>
    <ClInclude Include="src\valloc.h">
      <Filter>Header Files</Filter>
    </ClInclude>
  </ItemGroup>
</Project>